// !$*UTF8*$!
{
	archiveVersion = 1;
	classes = {
	};
	objectVersion = 51;
	objects = {

/* Begin PBXBuildFile section */
		20AC717B71AE8B62C54A9C35 /* Pods_RSSFeedAppTests.framework in Frameworks */ = {isa = PBXBuildFile; fileRef = 27CCDBC2E0B0046F4B2EE44C /* Pods_RSSFeedAppTests.framework */; };
		44289ACF25BEFC9200EC8782 /* AppDelegate.swift in Sources */ = {isa = PBXBuildFile; fileRef = 44289ACE25BEFC9200EC8782 /* AppDelegate.swift */; };
		44289AD125BEFC9200EC8782 /* SceneDelegate.swift in Sources */ = {isa = PBXBuildFile; fileRef = 44289AD025BEFC9200EC8782 /* SceneDelegate.swift */; };
		44289AD825BEFC9500EC8782 /* Assets.xcassets in Resources */ = {isa = PBXBuildFile; fileRef = 44289AD725BEFC9500EC8782 /* Assets.xcassets */; };
		44289ADB25BEFC9500EC8782 /* LaunchScreen.storyboard in Resources */ = {isa = PBXBuildFile; fileRef = 44289AD925BEFC9500EC8782 /* LaunchScreen.storyboard */; };
		44289B0525BEFD1300EC8782 /* ListViewController.swift in Sources */ = {isa = PBXBuildFile; fileRef = 44289B0425BEFD1300EC8782 /* ListViewController.swift */; };
		44289B0D25BEFD2C00EC8782 /* DetailsViewController.swift in Sources */ = {isa = PBXBuildFile; fileRef = 44289B0C25BEFD2C00EC8782 /* DetailsViewController.swift */; };
		44289B1225BEFE1D00EC8782 /* Constants.swift in Sources */ = {isa = PBXBuildFile; fileRef = 44289B1125BEFE1D00EC8782 /* Constants.swift */; };
		44289B1C25BEFF4400EC8782 /* UIHelper.swift in Sources */ = {isa = PBXBuildFile; fileRef = 44289B1B25BEFF4400EC8782 /* UIHelper.swift */; };
		44289B2F25BEFFE600EC8782 /* NewsCell.swift in Sources */ = {isa = PBXBuildFile; fileRef = 44289B2E25BEFFE600EC8782 /* NewsCell.swift */; };
		44289B3825BEFFFD00EC8782 /* ListBuilder.swift in Sources */ = {isa = PBXBuildFile; fileRef = 44289B3725BEFFFD00EC8782 /* ListBuilder.swift */; };
		44289B3D25BF001F00EC8782 /* ListInteractor.swift in Sources */ = {isa = PBXBuildFile; fileRef = 44289B3C25BF001F00EC8782 /* ListInteractor.swift */; };
		44289B4525BF002B00EC8782 /* ListPresenter.swift in Sources */ = {isa = PBXBuildFile; fileRef = 44289B4425BF002B00EC8782 /* ListPresenter.swift */; };
		44289B4D25BF006100EC8782 /* ListRouter.swift in Sources */ = {isa = PBXBuildFile; fileRef = 44289B4C25BF006100EC8782 /* ListRouter.swift */; };
		44289B5225BF00A400EC8782 /* DetailsBuilder.swift in Sources */ = {isa = PBXBuildFile; fileRef = 44289B5125BF00A400EC8782 /* DetailsBuilder.swift */; };
		44289B5725BF00B100EC8782 /* DetailsPresenter.swift in Sources */ = {isa = PBXBuildFile; fileRef = 44289B5625BF00B100EC8782 /* DetailsPresenter.swift */; };
		44289B5C25BF00BF00EC8782 /* DetailsIntercator.swift in Sources */ = {isa = PBXBuildFile; fileRef = 44289B5B25BF00BF00EC8782 /* DetailsIntercator.swift */; };
		44289B6125BF00CB00EC8782 /* DetailsRouter.swift in Sources */ = {isa = PBXBuildFile; fileRef = 44289B6025BF00CB00EC8782 /* DetailsRouter.swift */; };
		44289B6625BF00DA00EC8782 /* ListModels.swift in Sources */ = {isa = PBXBuildFile; fileRef = 44289B6525BF00DA00EC8782 /* ListModels.swift */; };
		44289B6B25BF00E700EC8782 /* DetailsModels.swift in Sources */ = {isa = PBXBuildFile; fileRef = 44289B6A25BF00E700EC8782 /* DetailsModels.swift */; };
		44289B7325BF042100EC8782 /* NetworkManager.swift in Sources */ = {isa = PBXBuildFile; fileRef = 44289B7225BF042100EC8782 /* NetworkManager.swift */; };
		4431CE7125C6A07200F6B6EA /* ListViewControllerStub.swift in Sources */ = {isa = PBXBuildFile; fileRef = 4431CE7025C6A07200F6B6EA /* ListViewControllerStub.swift */; };
		4431CE7D25C6A21500F6B6EA /* ListPresenterStub.swift in Sources */ = {isa = PBXBuildFile; fileRef = 4431CE7C25C6A21500F6B6EA /* ListPresenterStub.swift */; };
		4431CE8525C6A31900F6B6EA /* ListIntercatorStub.swift in Sources */ = {isa = PBXBuildFile; fileRef = 4431CE8425C6A31900F6B6EA /* ListIntercatorStub.swift */; };
		4465BE2325C6B5DE000BFECB /* DetailsViewControllerStub.swift in Sources */ = {isa = PBXBuildFile; fileRef = 4465BE2225C6B5DE000BFECB /* DetailsViewControllerStub.swift */; };
		4465BE2B25C6B611000BFECB /* DetailsPresenterStub.swift in Sources */ = {isa = PBXBuildFile; fileRef = 4465BE2A25C6B611000BFECB /* DetailsPresenterStub.swift */; };
		4465BE3325C6B61E000BFECB /* DetailsInteractorStub.swift in Sources */ = {isa = PBXBuildFile; fileRef = 4465BE3225C6B61E000BFECB /* DetailsInteractorStub.swift */; };
		4465BE3D25C6B725000BFECB /* DetailsBuilderTests.swift in Sources */ = {isa = PBXBuildFile; fileRef = 4465BE3C25C6B725000BFECB /* DetailsBuilderTests.swift */; };
		4465BE4A25C6B748000BFECB /* DetailsInteractorTests.swift in Sources */ = {isa = PBXBuildFile; fileRef = 4465BE4925C6B748000BFECB /* DetailsInteractorTests.swift */; };
		4465BE4F25C6B758000BFECB /* DetailsPresenterTests.swift in Sources */ = {isa = PBXBuildFile; fileRef = 4465BE4E25C6B758000BFECB /* DetailsPresenterTests.swift */; };
		4465BE5D25C6C2CD000BFECB /* SettingsViewControllerStub.swift in Sources */ = {isa = PBXBuildFile; fileRef = 4465BE5C25C6C2CD000BFECB /* SettingsViewControllerStub.swift */; };
		4465BE6625C6C470000BFECB /* SettingsPresenterStub.swift in Sources */ = {isa = PBXBuildFile; fileRef = 4465BE6525C6C470000BFECB /* SettingsPresenterStub.swift */; };
		4465BE6C25C6C5F5000BFECB /* SettingsInteractorStub.swift in Sources */ = {isa = PBXBuildFile; fileRef = 4465BE6B25C6C5F5000BFECB /* SettingsInteractorStub.swift */; };
		4465BE7425C6C86C000BFECB /* NetworkManagerStub.swift in Sources */ = {isa = PBXBuildFile; fileRef = 4465BE7325C6C86C000BFECB /* NetworkManagerStub.swift */; };
		4465BE7C25C6CAD6000BFECB /* SettingsBuilderTests.swift in Sources */ = {isa = PBXBuildFile; fileRef = 4465BE7B25C6CAD6000BFECB /* SettingsBuilderTests.swift */; };
		4465BE8225C6CB32000BFECB /* SettingsInteractorTests.swift in Sources */ = {isa = PBXBuildFile; fileRef = 4465BE8125C6CB32000BFECB /* SettingsInteractorTests.swift */; };
		4465BE8A25C6CB3F000BFECB /* SettingsPresenterTests.swift in Sources */ = {isa = PBXBuildFile; fileRef = 4465BE8925C6CB3F000BFECB /* SettingsPresenterTests.swift */; };
		4465BE9425C6E2C0000BFECB /* SourceViewControllerStub.swift in Sources */ = {isa = PBXBuildFile; fileRef = 4465BE9325C6E2C0000BFECB /* SourceViewControllerStub.swift */; };
		4465BE9A25C6E4F5000BFECB /* SourceInteractorStub.swift in Sources */ = {isa = PBXBuildFile; fileRef = 4465BE9925C6E4F5000BFECB /* SourceInteractorStub.swift */; };
		4465BE9E25C6E5E0000BFECB /* SourcePresenterStub.swift in Sources */ = {isa = PBXBuildFile; fileRef = 4465BE9D25C6E5E0000BFECB /* SourcePresenterStub.swift */; };
		4465BEA525C6E7F3000BFECB /* SourceBuilderTests.swift in Sources */ = {isa = PBXBuildFile; fileRef = 4465BEA425C6E7F3000BFECB /* SourceBuilderTests.swift */; };
		4465BEA925C6EEAC000BFECB /* SourceInteractorTests.swift in Sources */ = {isa = PBXBuildFile; fileRef = 4465BEA825C6EEAC000BFECB /* SourceInteractorTests.swift */; };
		4465BEAD25C6F68F000BFECB /* SourcePresenterTests.swift in Sources */ = {isa = PBXBuildFile; fileRef = 4465BEAC25C6F68F000BFECB /* SourcePresenterTests.swift */; };
		448F6C7C25C6AB4100BFAC6F /* ListInteractorTests.swift in Sources */ = {isa = PBXBuildFile; fileRef = 448F6C7B25C6AB4100BFAC6F /* ListInteractorTests.swift */; };
		448F6C8325C6ACA400BFAC6F /* ListPresenterTests.swift in Sources */ = {isa = PBXBuildFile; fileRef = 448F6C8225C6ACA400BFAC6F /* ListPresenterTests.swift */; };
		44956F9B25C101C9005B53DC /* UILabel + Extension.swift in Sources */ = {isa = PBXBuildFile; fileRef = 44956F9A25C101C9005B53DC /* UILabel + Extension.swift */; };
		44956FA025C104A6005B53DC /* DateUtils.swift in Sources */ = {isa = PBXBuildFile; fileRef = 44956F9F25C104A6005B53DC /* DateUtils.swift */; };
		44956FA525C104E0005B53DC /* UIStackView + Extension.swift in Sources */ = {isa = PBXBuildFile; fileRef = 44956FA425C104E0005B53DC /* UIStackView + Extension.swift */; };
		44956FAA25C126DC005B53DC /* UIScrollView + Extension.swift in Sources */ = {isa = PBXBuildFile; fileRef = 44956FA925C126DC005B53DC /* UIScrollView + Extension.swift */; };
		44956FCC25C13894005B53DC /* String + Extension.swift in Sources */ = {isa = PBXBuildFile; fileRef = 44956FCB25C13894005B53DC /* String + Extension.swift */; };
		449B872225C26C6500E0F27F /* UITableView + Extensionn.swift in Sources */ = {isa = PBXBuildFile; fileRef = 449B872125C26C6500E0F27F /* UITableView + Extensionn.swift */; };
		449B872A25C277BD00E0F27F /* UINavigationBar + Extension.swift in Sources */ = {isa = PBXBuildFile; fileRef = 449B872925C277BD00E0F27F /* UINavigationBar + Extension.swift */; };
		449B872F25C2796E00E0F27F /* LoadingView.swift in Sources */ = {isa = PBXBuildFile; fileRef = 449B872E25C2796E00E0F27F /* LoadingView.swift */; };
		449B873725C27D5A00E0F27F /* UINavigationController + Extension.swift in Sources */ = {isa = PBXBuildFile; fileRef = 449B873625C27D5A00E0F27F /* UINavigationController + Extension.swift */; };
		449B873C25C29C1200E0F27F /* SourceCell.swift in Sources */ = {isa = PBXBuildFile; fileRef = 449B873B25C29C1200E0F27F /* SourceCell.swift */; };
		44B4001125C699DE00F0D1CD /* ListBuilderTests.swift in Sources */ = {isa = PBXBuildFile; fileRef = 44B4001025C699DE00F0D1CD /* ListBuilderTests.swift */; };
		44B4001B25C69C6400F0D1CD /* StorageManagerStub.swift in Sources */ = {isa = PBXBuildFile; fileRef = 44B4001A25C69C6400F0D1CD /* StorageManagerStub.swift */; };
		44B4002025C69CE600F0D1CD /* TestCoreDataStack.swift in Sources */ = {isa = PBXBuildFile; fileRef = 44B4001F25C69CE600F0D1CD /* TestCoreDataStack.swift */; };
		44B4FFD025C4250B00F0D1CD /* ThreadsafeArray.swift in Sources */ = {isa = PBXBuildFile; fileRef = 44B4FFCF25C4250B00F0D1CD /* ThreadsafeArray.swift */; };
		44B4FFD825C561E400F0D1CD /* UISearchBar + Extension.swift in Sources */ = {isa = PBXBuildFile; fileRef = 44B4FFD725C561E400F0D1CD /* UISearchBar + Extension.swift */; };
		44B4FFE625C56E6000F0D1CD /* SwipeTableViewController.swift in Sources */ = {isa = PBXBuildFile; fileRef = 44B4FFE525C56E6000F0D1CD /* SwipeTableViewController.swift */; };
		44D41BE525C2BC1300EB6487 /* SourceView.swift in Sources */ = {isa = PBXBuildFile; fileRef = 44D41BE425C2BC1300EB6487 /* SourceView.swift */; };
		44D41BEB25C2FA1500EB6487 /* SourceViewController.swift in Sources */ = {isa = PBXBuildFile; fileRef = 44D41BEA25C2FA1500EB6487 /* SourceViewController.swift */; };
		44D41BF325C2FA7800EB6487 /* SourceBuilder.swift in Sources */ = {isa = PBXBuildFile; fileRef = 44D41BF225C2FA7800EB6487 /* SourceBuilder.swift */; };
		44D41C0025C2FE9800EB6487 /* SourceInteractor.swift in Sources */ = {isa = PBXBuildFile; fileRef = 44D41BFF25C2FE9800EB6487 /* SourceInteractor.swift */; };
		44D41C0825C2FF5800EB6487 /* SourcePresenter.swift in Sources */ = {isa = PBXBuildFile; fileRef = 44D41C0725C2FF5800EB6487 /* SourcePresenter.swift */; };
		44D41C0D25C2FF9500EB6487 /* SourceRouter.swift in Sources */ = {isa = PBXBuildFile; fileRef = 44D41C0C25C2FF9500EB6487 /* SourceRouter.swift */; };
		44FB0F3425BFBC720027B4FC /* SettingsViewController.swift in Sources */ = {isa = PBXBuildFile; fileRef = 44FB0F3325BFBC720027B4FC /* SettingsViewController.swift */; };
		44FB0F3E25BFBDB30027B4FC /* NewsSources.xcdatamodeld in Sources */ = {isa = PBXBuildFile; fileRef = 44FB0F3C25BFBDB30027B4FC /* NewsSources.xcdatamodeld */; };
		44FB0F4325BFBE4C0027B4FC /* StorageManager.swift in Sources */ = {isa = PBXBuildFile; fileRef = 44FB0F4225BFBE4C0027B4FC /* StorageManager.swift */; };
		44FB0F5325BFC0980027B4FC /* SettingsPresenter.swift in Sources */ = {isa = PBXBuildFile; fileRef = 44FB0F5225BFC0980027B4FC /* SettingsPresenter.swift */; };
		44FB0F5825BFC0D70027B4FC /* SettingsInteractor.swift in Sources */ = {isa = PBXBuildFile; fileRef = 44FB0F5725BFC0D70027B4FC /* SettingsInteractor.swift */; };
		44FB0F5D25BFC1B00027B4FC /* SettingsRouter.swift in Sources */ = {isa = PBXBuildFile; fileRef = 44FB0F5C25BFC1B00027B4FC /* SettingsRouter.swift */; };
		44FB0F6225BFC1D60027B4FC /* SettingsModels.swift in Sources */ = {isa = PBXBuildFile; fileRef = 44FB0F6125BFC1D60027B4FC /* SettingsModels.swift */; };
		44FB0F6725BFC95D0027B4FC /* SettingsBuilder.swift in Sources */ = {isa = PBXBuildFile; fileRef = 44FB0F6625BFC95D0027B4FC /* SettingsBuilder.swift */; };
		8E731D7572401B214F2EC73D /* Pods_RSSFeedApp.framework in Frameworks */ = {isa = PBXBuildFile; fileRef = 29F14625BAAB016B4E1B2BE0 /* Pods_RSSFeedApp.framework */; };
/* End PBXBuildFile section */

/* Begin PBXContainerItemProxy section */
		44289AE225BEFC9600EC8782 /* PBXContainerItemProxy */ = {
			isa = PBXContainerItemProxy;
			containerPortal = 44289AC325BEFC9200EC8782 /* Project object */;
			proxyType = 1;
			remoteGlobalIDString = 44289ACA25BEFC9200EC8782;
			remoteInfo = RSSFeedApp;
		};
/* End PBXContainerItemProxy section */

/* Begin PBXFileReference section */
		27CCDBC2E0B0046F4B2EE44C /* Pods_RSSFeedAppTests.framework */ = {isa = PBXFileReference; explicitFileType = wrapper.framework; includeInIndex = 0; path = Pods_RSSFeedAppTests.framework; sourceTree = BUILT_PRODUCTS_DIR; };
		27D4B0B6B83212481F7898DA /* Pods_RSSFeedApp_RSSFeedAppUITests.framework */ = {isa = PBXFileReference; explicitFileType = wrapper.framework; includeInIndex = 0; path = Pods_RSSFeedApp_RSSFeedAppUITests.framework; sourceTree = BUILT_PRODUCTS_DIR; };
		29F14625BAAB016B4E1B2BE0 /* Pods_RSSFeedApp.framework */ = {isa = PBXFileReference; explicitFileType = wrapper.framework; includeInIndex = 0; path = Pods_RSSFeedApp.framework; sourceTree = BUILT_PRODUCTS_DIR; };
		44289ACB25BEFC9200EC8782 /* RSSFeedApp.app */ = {isa = PBXFileReference; explicitFileType = wrapper.application; includeInIndex = 0; path = RSSFeedApp.app; sourceTree = BUILT_PRODUCTS_DIR; };
		44289ACE25BEFC9200EC8782 /* AppDelegate.swift */ = {isa = PBXFileReference; lastKnownFileType = sourcecode.swift; path = AppDelegate.swift; sourceTree = "<group>"; };
		44289AD025BEFC9200EC8782 /* SceneDelegate.swift */ = {isa = PBXFileReference; lastKnownFileType = sourcecode.swift; path = SceneDelegate.swift; sourceTree = "<group>"; };
		44289AD725BEFC9500EC8782 /* Assets.xcassets */ = {isa = PBXFileReference; lastKnownFileType = folder.assetcatalog; path = Assets.xcassets; sourceTree = "<group>"; };
		44289ADA25BEFC9500EC8782 /* Base */ = {isa = PBXFileReference; lastKnownFileType = file.storyboard; name = Base; path = Base.lproj/LaunchScreen.storyboard; sourceTree = "<group>"; };
		44289ADC25BEFC9500EC8782 /* Info.plist */ = {isa = PBXFileReference; lastKnownFileType = text.plist.xml; path = Info.plist; sourceTree = "<group>"; };
		44289AE125BEFC9600EC8782 /* RSSFeedAppTests.xctest */ = {isa = PBXFileReference; explicitFileType = wrapper.cfbundle; includeInIndex = 0; path = RSSFeedAppTests.xctest; sourceTree = BUILT_PRODUCTS_DIR; };
		44289AE725BEFC9600EC8782 /* Info.plist */ = {isa = PBXFileReference; lastKnownFileType = text.plist.xml; path = Info.plist; sourceTree = "<group>"; };
		44289B0425BEFD1300EC8782 /* ListViewController.swift */ = {isa = PBXFileReference; lastKnownFileType = sourcecode.swift; path = ListViewController.swift; sourceTree = "<group>"; };
		44289B0C25BEFD2C00EC8782 /* DetailsViewController.swift */ = {isa = PBXFileReference; lastKnownFileType = sourcecode.swift; path = DetailsViewController.swift; sourceTree = "<group>"; };
		44289B1125BEFE1D00EC8782 /* Constants.swift */ = {isa = PBXFileReference; lastKnownFileType = sourcecode.swift; path = Constants.swift; sourceTree = "<group>"; };
		44289B1B25BEFF4400EC8782 /* UIHelper.swift */ = {isa = PBXFileReference; lastKnownFileType = sourcecode.swift; path = UIHelper.swift; sourceTree = "<group>"; };
		44289B2E25BEFFE600EC8782 /* NewsCell.swift */ = {isa = PBXFileReference; lastKnownFileType = sourcecode.swift; path = NewsCell.swift; sourceTree = "<group>"; };
		44289B3725BEFFFD00EC8782 /* ListBuilder.swift */ = {isa = PBXFileReference; lastKnownFileType = sourcecode.swift; path = ListBuilder.swift; sourceTree = "<group>"; };
		44289B3C25BF001F00EC8782 /* ListInteractor.swift */ = {isa = PBXFileReference; lastKnownFileType = sourcecode.swift; path = ListInteractor.swift; sourceTree = "<group>"; };
		44289B4425BF002B00EC8782 /* ListPresenter.swift */ = {isa = PBXFileReference; lastKnownFileType = sourcecode.swift; path = ListPresenter.swift; sourceTree = "<group>"; };
		44289B4C25BF006100EC8782 /* ListRouter.swift */ = {isa = PBXFileReference; lastKnownFileType = sourcecode.swift; path = ListRouter.swift; sourceTree = "<group>"; };
		44289B5125BF00A400EC8782 /* DetailsBuilder.swift */ = {isa = PBXFileReference; lastKnownFileType = sourcecode.swift; path = DetailsBuilder.swift; sourceTree = "<group>"; };
		44289B5625BF00B100EC8782 /* DetailsPresenter.swift */ = {isa = PBXFileReference; lastKnownFileType = sourcecode.swift; path = DetailsPresenter.swift; sourceTree = "<group>"; };
		44289B5B25BF00BF00EC8782 /* DetailsIntercator.swift */ = {isa = PBXFileReference; lastKnownFileType = sourcecode.swift; path = DetailsIntercator.swift; sourceTree = "<group>"; };
		44289B6025BF00CB00EC8782 /* DetailsRouter.swift */ = {isa = PBXFileReference; lastKnownFileType = sourcecode.swift; path = DetailsRouter.swift; sourceTree = "<group>"; };
		44289B6525BF00DA00EC8782 /* ListModels.swift */ = {isa = PBXFileReference; lastKnownFileType = sourcecode.swift; path = ListModels.swift; sourceTree = "<group>"; };
		44289B6A25BF00E700EC8782 /* DetailsModels.swift */ = {isa = PBXFileReference; lastKnownFileType = sourcecode.swift; path = DetailsModels.swift; sourceTree = "<group>"; };
		44289B7225BF042100EC8782 /* NetworkManager.swift */ = {isa = PBXFileReference; lastKnownFileType = sourcecode.swift; path = NetworkManager.swift; sourceTree = "<group>"; };
		4431CE7025C6A07200F6B6EA /* ListViewControllerStub.swift */ = {isa = PBXFileReference; lastKnownFileType = sourcecode.swift; path = ListViewControllerStub.swift; sourceTree = "<group>"; };
		4431CE7C25C6A21500F6B6EA /* ListPresenterStub.swift */ = {isa = PBXFileReference; lastKnownFileType = sourcecode.swift; path = ListPresenterStub.swift; sourceTree = "<group>"; };
		4431CE8425C6A31900F6B6EA /* ListIntercatorStub.swift */ = {isa = PBXFileReference; lastKnownFileType = sourcecode.swift; path = ListIntercatorStub.swift; sourceTree = "<group>"; };
		4465BE2225C6B5DE000BFECB /* DetailsViewControllerStub.swift */ = {isa = PBXFileReference; lastKnownFileType = sourcecode.swift; path = DetailsViewControllerStub.swift; sourceTree = "<group>"; };
		4465BE2A25C6B611000BFECB /* DetailsPresenterStub.swift */ = {isa = PBXFileReference; lastKnownFileType = sourcecode.swift; path = DetailsPresenterStub.swift; sourceTree = "<group>"; };
		4465BE3225C6B61E000BFECB /* DetailsInteractorStub.swift */ = {isa = PBXFileReference; lastKnownFileType = sourcecode.swift; path = DetailsInteractorStub.swift; sourceTree = "<group>"; };
		4465BE3C25C6B725000BFECB /* DetailsBuilderTests.swift */ = {isa = PBXFileReference; lastKnownFileType = sourcecode.swift; path = DetailsBuilderTests.swift; sourceTree = "<group>"; };
		4465BE4925C6B748000BFECB /* DetailsInteractorTests.swift */ = {isa = PBXFileReference; lastKnownFileType = sourcecode.swift; path = DetailsInteractorTests.swift; sourceTree = "<group>"; };
		4465BE4E25C6B758000BFECB /* DetailsPresenterTests.swift */ = {isa = PBXFileReference; lastKnownFileType = sourcecode.swift; path = DetailsPresenterTests.swift; sourceTree = "<group>"; };
		4465BE5C25C6C2CD000BFECB /* SettingsViewControllerStub.swift */ = {isa = PBXFileReference; lastKnownFileType = sourcecode.swift; path = SettingsViewControllerStub.swift; sourceTree = "<group>"; };
		4465BE6525C6C470000BFECB /* SettingsPresenterStub.swift */ = {isa = PBXFileReference; lastKnownFileType = sourcecode.swift; path = SettingsPresenterStub.swift; sourceTree = "<group>"; };
		4465BE6B25C6C5F5000BFECB /* SettingsInteractorStub.swift */ = {isa = PBXFileReference; lastKnownFileType = sourcecode.swift; path = SettingsInteractorStub.swift; sourceTree = "<group>"; };
		4465BE7325C6C86C000BFECB /* NetworkManagerStub.swift */ = {isa = PBXFileReference; lastKnownFileType = sourcecode.swift; path = NetworkManagerStub.swift; sourceTree = "<group>"; };
		4465BE7B25C6CAD6000BFECB /* SettingsBuilderTests.swift */ = {isa = PBXFileReference; lastKnownFileType = sourcecode.swift; path = SettingsBuilderTests.swift; sourceTree = "<group>"; };
		4465BE8125C6CB32000BFECB /* SettingsInteractorTests.swift */ = {isa = PBXFileReference; lastKnownFileType = sourcecode.swift; path = SettingsInteractorTests.swift; sourceTree = "<group>"; };
		4465BE8925C6CB3F000BFECB /* SettingsPresenterTests.swift */ = {isa = PBXFileReference; lastKnownFileType = sourcecode.swift; path = SettingsPresenterTests.swift; sourceTree = "<group>"; };
		4465BE9325C6E2C0000BFECB /* SourceViewControllerStub.swift */ = {isa = PBXFileReference; lastKnownFileType = sourcecode.swift; path = SourceViewControllerStub.swift; sourceTree = "<group>"; };
		4465BE9925C6E4F5000BFECB /* SourceInteractorStub.swift */ = {isa = PBXFileReference; lastKnownFileType = sourcecode.swift; path = SourceInteractorStub.swift; sourceTree = "<group>"; };
		4465BE9D25C6E5E0000BFECB /* SourcePresenterStub.swift */ = {isa = PBXFileReference; lastKnownFileType = sourcecode.swift; path = SourcePresenterStub.swift; sourceTree = "<group>"; };
		4465BEA425C6E7F3000BFECB /* SourceBuilderTests.swift */ = {isa = PBXFileReference; lastKnownFileType = sourcecode.swift; path = SourceBuilderTests.swift; sourceTree = "<group>"; };
		4465BEA825C6EEAC000BFECB /* SourceInteractorTests.swift */ = {isa = PBXFileReference; lastKnownFileType = sourcecode.swift; path = SourceInteractorTests.swift; sourceTree = "<group>"; };
		4465BEAC25C6F68F000BFECB /* SourcePresenterTests.swift */ = {isa = PBXFileReference; lastKnownFileType = sourcecode.swift; path = SourcePresenterTests.swift; sourceTree = "<group>"; };
		448F6C7B25C6AB4100BFAC6F /* ListInteractorTests.swift */ = {isa = PBXFileReference; lastKnownFileType = sourcecode.swift; path = ListInteractorTests.swift; sourceTree = "<group>"; };
		448F6C8225C6ACA400BFAC6F /* ListPresenterTests.swift */ = {isa = PBXFileReference; lastKnownFileType = sourcecode.swift; path = ListPresenterTests.swift; sourceTree = "<group>"; };
		44956F9A25C101C9005B53DC /* UILabel + Extension.swift */ = {isa = PBXFileReference; lastKnownFileType = sourcecode.swift; path = "UILabel + Extension.swift"; sourceTree = "<group>"; };
		44956F9F25C104A6005B53DC /* DateUtils.swift */ = {isa = PBXFileReference; lastKnownFileType = sourcecode.swift; path = DateUtils.swift; sourceTree = "<group>"; };
		44956FA425C104E0005B53DC /* UIStackView + Extension.swift */ = {isa = PBXFileReference; lastKnownFileType = sourcecode.swift; path = "UIStackView + Extension.swift"; sourceTree = "<group>"; };
		44956FA925C126DC005B53DC /* UIScrollView + Extension.swift */ = {isa = PBXFileReference; lastKnownFileType = sourcecode.swift; path = "UIScrollView + Extension.swift"; sourceTree = "<group>"; };
		44956FCB25C13894005B53DC /* String + Extension.swift */ = {isa = PBXFileReference; lastKnownFileType = sourcecode.swift; path = "String + Extension.swift"; sourceTree = "<group>"; };
		449B872125C26C6500E0F27F /* UITableView + Extensionn.swift */ = {isa = PBXFileReference; lastKnownFileType = sourcecode.swift; path = "UITableView + Extensionn.swift"; sourceTree = "<group>"; };
		449B872925C277BD00E0F27F /* UINavigationBar + Extension.swift */ = {isa = PBXFileReference; lastKnownFileType = sourcecode.swift; path = "UINavigationBar + Extension.swift"; sourceTree = "<group>"; };
		449B872E25C2796E00E0F27F /* LoadingView.swift */ = {isa = PBXFileReference; lastKnownFileType = sourcecode.swift; path = LoadingView.swift; sourceTree = "<group>"; };
		449B873625C27D5A00E0F27F /* UINavigationController + Extension.swift */ = {isa = PBXFileReference; lastKnownFileType = sourcecode.swift; path = "UINavigationController + Extension.swift"; sourceTree = "<group>"; };
		449B873B25C29C1200E0F27F /* SourceCell.swift */ = {isa = PBXFileReference; lastKnownFileType = sourcecode.swift; path = SourceCell.swift; sourceTree = "<group>"; };
		44B4001025C699DE00F0D1CD /* ListBuilderTests.swift */ = {isa = PBXFileReference; lastKnownFileType = sourcecode.swift; path = ListBuilderTests.swift; sourceTree = "<group>"; };
		44B4001A25C69C6400F0D1CD /* StorageManagerStub.swift */ = {isa = PBXFileReference; lastKnownFileType = sourcecode.swift; path = StorageManagerStub.swift; sourceTree = "<group>"; };
		44B4001F25C69CE600F0D1CD /* TestCoreDataStack.swift */ = {isa = PBXFileReference; lastKnownFileType = sourcecode.swift; path = TestCoreDataStack.swift; sourceTree = "<group>"; };
		44B4FFCF25C4250B00F0D1CD /* ThreadsafeArray.swift */ = {isa = PBXFileReference; lastKnownFileType = sourcecode.swift; path = ThreadsafeArray.swift; sourceTree = "<group>"; };
		44B4FFD725C561E400F0D1CD /* UISearchBar + Extension.swift */ = {isa = PBXFileReference; lastKnownFileType = sourcecode.swift; path = "UISearchBar + Extension.swift"; sourceTree = "<group>"; };
		44B4FFE525C56E6000F0D1CD /* SwipeTableViewController.swift */ = {isa = PBXFileReference; lastKnownFileType = sourcecode.swift; path = SwipeTableViewController.swift; sourceTree = "<group>"; };
		44D41BE425C2BC1300EB6487 /* SourceView.swift */ = {isa = PBXFileReference; lastKnownFileType = sourcecode.swift; path = SourceView.swift; sourceTree = "<group>"; };
		44D41BEA25C2FA1500EB6487 /* SourceViewController.swift */ = {isa = PBXFileReference; lastKnownFileType = sourcecode.swift; path = SourceViewController.swift; sourceTree = "<group>"; };
		44D41BF225C2FA7800EB6487 /* SourceBuilder.swift */ = {isa = PBXFileReference; lastKnownFileType = sourcecode.swift; path = SourceBuilder.swift; sourceTree = "<group>"; };
		44D41BFF25C2FE9800EB6487 /* SourceInteractor.swift */ = {isa = PBXFileReference; lastKnownFileType = sourcecode.swift; path = SourceInteractor.swift; sourceTree = "<group>"; };
		44D41C0725C2FF5800EB6487 /* SourcePresenter.swift */ = {isa = PBXFileReference; lastKnownFileType = sourcecode.swift; path = SourcePresenter.swift; sourceTree = "<group>"; };
		44D41C0C25C2FF9500EB6487 /* SourceRouter.swift */ = {isa = PBXFileReference; lastKnownFileType = sourcecode.swift; path = SourceRouter.swift; sourceTree = "<group>"; };
		44FB0F3325BFBC720027B4FC /* SettingsViewController.swift */ = {isa = PBXFileReference; lastKnownFileType = sourcecode.swift; path = SettingsViewController.swift; sourceTree = "<group>"; };
		44FB0F3D25BFBDB30027B4FC /* NewsSources.xcdatamodel */ = {isa = PBXFileReference; lastKnownFileType = wrapper.xcdatamodel; path = NewsSources.xcdatamodel; sourceTree = "<group>"; };
		44FB0F4225BFBE4C0027B4FC /* StorageManager.swift */ = {isa = PBXFileReference; lastKnownFileType = sourcecode.swift; path = StorageManager.swift; sourceTree = "<group>"; };
		44FB0F5225BFC0980027B4FC /* SettingsPresenter.swift */ = {isa = PBXFileReference; lastKnownFileType = sourcecode.swift; path = SettingsPresenter.swift; sourceTree = "<group>"; };
		44FB0F5725BFC0D70027B4FC /* SettingsInteractor.swift */ = {isa = PBXFileReference; lastKnownFileType = sourcecode.swift; path = SettingsInteractor.swift; sourceTree = "<group>"; };
		44FB0F5C25BFC1B00027B4FC /* SettingsRouter.swift */ = {isa = PBXFileReference; lastKnownFileType = sourcecode.swift; path = SettingsRouter.swift; sourceTree = "<group>"; };
		44FB0F6125BFC1D60027B4FC /* SettingsModels.swift */ = {isa = PBXFileReference; lastKnownFileType = sourcecode.swift; path = SettingsModels.swift; sourceTree = "<group>"; };
		44FB0F6625BFC95D0027B4FC /* SettingsBuilder.swift */ = {isa = PBXFileReference; lastKnownFileType = sourcecode.swift; path = SettingsBuilder.swift; sourceTree = "<group>"; };
		60B1695D4A78D395F2C36700 /* Pods-RSSFeedAppTests.debug.xcconfig */ = {isa = PBXFileReference; includeInIndex = 1; lastKnownFileType = text.xcconfig; name = "Pods-RSSFeedAppTests.debug.xcconfig"; path = "Target Support Files/Pods-RSSFeedAppTests/Pods-RSSFeedAppTests.debug.xcconfig"; sourceTree = "<group>"; };
		8AB0E3B895CA0579639C6D49 /* Pods-RSSFeedAppTests.release.xcconfig */ = {isa = PBXFileReference; includeInIndex = 1; lastKnownFileType = text.xcconfig; name = "Pods-RSSFeedAppTests.release.xcconfig"; path = "Target Support Files/Pods-RSSFeedAppTests/Pods-RSSFeedAppTests.release.xcconfig"; sourceTree = "<group>"; };
		8ACA96A674B63C33D762D0CB /* Pods-RSSFeedApp.release.xcconfig */ = {isa = PBXFileReference; includeInIndex = 1; lastKnownFileType = text.xcconfig; name = "Pods-RSSFeedApp.release.xcconfig"; path = "Target Support Files/Pods-RSSFeedApp/Pods-RSSFeedApp.release.xcconfig"; sourceTree = "<group>"; };
		9D682B2AA008FF076003F517 /* Pods-RSSFeedApp.debug.xcconfig */ = {isa = PBXFileReference; includeInIndex = 1; lastKnownFileType = text.xcconfig; name = "Pods-RSSFeedApp.debug.xcconfig"; path = "Target Support Files/Pods-RSSFeedApp/Pods-RSSFeedApp.debug.xcconfig"; sourceTree = "<group>"; };
		C231C7A0617ADB388E14C84A /* Pods-RSSFeedApp-RSSFeedAppUITests.release.xcconfig */ = {isa = PBXFileReference; includeInIndex = 1; lastKnownFileType = text.xcconfig; name = "Pods-RSSFeedApp-RSSFeedAppUITests.release.xcconfig"; path = "Target Support Files/Pods-RSSFeedApp-RSSFeedAppUITests/Pods-RSSFeedApp-RSSFeedAppUITests.release.xcconfig"; sourceTree = "<group>"; };
		F977867E0A9688D6F4F7D072 /* Pods-RSSFeedApp-RSSFeedAppUITests.debug.xcconfig */ = {isa = PBXFileReference; includeInIndex = 1; lastKnownFileType = text.xcconfig; name = "Pods-RSSFeedApp-RSSFeedAppUITests.debug.xcconfig"; path = "Target Support Files/Pods-RSSFeedApp-RSSFeedAppUITests/Pods-RSSFeedApp-RSSFeedAppUITests.debug.xcconfig"; sourceTree = "<group>"; };
/* End PBXFileReference section */

/* Begin PBXFrameworksBuildPhase section */
		44289AC825BEFC9200EC8782 /* Frameworks */ = {
			isa = PBXFrameworksBuildPhase;
			buildActionMask = 2147483647;
			files = (
				8E731D7572401B214F2EC73D /* Pods_RSSFeedApp.framework in Frameworks */,
			);
			runOnlyForDeploymentPostprocessing = 0;
		};
		44289ADE25BEFC9600EC8782 /* Frameworks */ = {
			isa = PBXFrameworksBuildPhase;
			buildActionMask = 2147483647;
			files = (
				20AC717B71AE8B62C54A9C35 /* Pods_RSSFeedAppTests.framework in Frameworks */,
			);
			runOnlyForDeploymentPostprocessing = 0;
		};
/* End PBXFrameworksBuildPhase section */

/* Begin PBXGroup section */
		44289AC225BEFC9200EC8782 = {
			isa = PBXGroup;
			children = (
				44289ACD25BEFC9200EC8782 /* RSSFeedApp */,
				44289AE425BEFC9600EC8782 /* RSSFeedAppTests */,
				44289ACC25BEFC9200EC8782 /* Products */,
				C56DA66ABD65E3BFDE0FAADE /* Pods */,
				A1F23DF79D48FCC64DF4B205 /* Frameworks */,
			);
			sourceTree = "<group>";
		};
		44289ACC25BEFC9200EC8782 /* Products */ = {
			isa = PBXGroup;
			children = (
				44289ACB25BEFC9200EC8782 /* RSSFeedApp.app */,
				44289AE125BEFC9600EC8782 /* RSSFeedAppTests.xctest */,
			);
			name = Products;
			sourceTree = "<group>";
		};
		44289ACD25BEFC9200EC8782 /* RSSFeedApp */ = {
			isa = PBXGroup;
			children = (
				44289ACE25BEFC9200EC8782 /* AppDelegate.swift */,
				44289AD025BEFC9200EC8782 /* SceneDelegate.swift */,
				44FB0F3125BFB9870027B4FC /* Model */,
				44FB0F6E25C00AC70027B4FC /* Managers */,
				44289B1925BEFF0D00EC8782 /* Utils */,
				44289B1A25BEFF1400EC8782 /* Screens */,
				44289AD725BEFC9500EC8782 /* Assets.xcassets */,
				44289AD925BEFC9500EC8782 /* LaunchScreen.storyboard */,
				44289ADC25BEFC9500EC8782 /* Info.plist */,
			);
			path = RSSFeedApp;
			sourceTree = "<group>";
		};
		44289AE425BEFC9600EC8782 /* RSSFeedAppTests */ = {
			isa = PBXGroup;
			children = (
				4465BE3A25C6B6E6000BFECB /* List Tests */,
				4465BE3B25C6B6F2000BFECB /* Details Tests */,
				4465BE8025C6CADC000BFECB /* Settings Tests */,
				4465BEA125C6E7B5000BFECB /* Source Tests */,
				44B4002425C69EA300F0D1CD /* Stubs */,
				44289AE725BEFC9600EC8782 /* Info.plist */,
			);
			path = RSSFeedAppTests;
			sourceTree = "<group>";
		};
		44289B1925BEFF0D00EC8782 /* Utils */ = {
			isa = PBXGroup;
			children = (
				44289B1125BEFE1D00EC8782 /* Constants.swift */,
				44B4FFCF25C4250B00F0D1CD /* ThreadsafeArray.swift */,
				44B4000025C6897000F0D1CD /* UI Extensions */,
				44956FCB25C13894005B53DC /* String + Extension.swift */,
				44956F9F25C104A6005B53DC /* DateUtils.swift */,
			);
			path = Utils;
			sourceTree = "<group>";
		};
		44289B1A25BEFF1400EC8782 /* Screens */ = {
			isa = PBXGroup;
			children = (
				449B872E25C2796E00E0F27F /* LoadingView.swift */,
				44289B2325BEFF9000EC8782 /* List */,
				44289B2725BEFF9700EC8782 /* Details */,
				44FB0F3225BFBC520027B4FC /* Settings */,
				44D41BE925C2F9EC00EB6487 /* Source */,
			);
			path = Screens;
			sourceTree = "<group>";
		};
		44289B2325BEFF9000EC8782 /* List */ = {
			isa = PBXGroup;
			children = (
				44289B3725BEFFFD00EC8782 /* ListBuilder.swift */,
				44289B3325BEFFEA00EC8782 /* Cells */,
				44289B0425BEFD1300EC8782 /* ListViewController.swift */,
				44289B4425BF002B00EC8782 /* ListPresenter.swift */,
				44289B3C25BF001F00EC8782 /* ListInteractor.swift */,
				44289B4C25BF006100EC8782 /* ListRouter.swift */,
				44289B6525BF00DA00EC8782 /* ListModels.swift */,
			);
			path = List;
			sourceTree = "<group>";
		};
		44289B2725BEFF9700EC8782 /* Details */ = {
			isa = PBXGroup;
			children = (
				44289B5125BF00A400EC8782 /* DetailsBuilder.swift */,
				44289B0C25BEFD2C00EC8782 /* DetailsViewController.swift */,
				44289B5625BF00B100EC8782 /* DetailsPresenter.swift */,
				44289B5B25BF00BF00EC8782 /* DetailsIntercator.swift */,
				44289B6025BF00CB00EC8782 /* DetailsRouter.swift */,
				44289B6A25BF00E700EC8782 /* DetailsModels.swift */,
			);
			path = Details;
			sourceTree = "<group>";
		};
		44289B3325BEFFEA00EC8782 /* Cells */ = {
			isa = PBXGroup;
			children = (
				44289B2E25BEFFE600EC8782 /* NewsCell.swift */,
			);
			path = Cells;
			sourceTree = "<group>";
		};
		4431CE7525C6A20200F6B6EA /* List */ = {
			isa = PBXGroup;
			children = (
				4431CE7025C6A07200F6B6EA /* ListViewControllerStub.swift */,
				4431CE7C25C6A21500F6B6EA /* ListPresenterStub.swift */,
				4431CE8425C6A31900F6B6EA /* ListIntercatorStub.swift */,
			);
			path = List;
			sourceTree = "<group>";
		};
		4465BE2125C6B5C2000BFECB /* Details */ = {
			isa = PBXGroup;
			children = (
				4465BE2225C6B5DE000BFECB /* DetailsViewControllerStub.swift */,
				4465BE2A25C6B611000BFECB /* DetailsPresenterStub.swift */,
				4465BE3225C6B61E000BFECB /* DetailsInteractorStub.swift */,
			);
			path = Details;
			sourceTree = "<group>";
		};
		4465BE3A25C6B6E6000BFECB /* List Tests */ = {
			isa = PBXGroup;
			children = (
				44B4001025C699DE00F0D1CD /* ListBuilderTests.swift */,
				448F6C7B25C6AB4100BFAC6F /* ListInteractorTests.swift */,
				448F6C8225C6ACA400BFAC6F /* ListPresenterTests.swift */,
			);
			path = "List Tests";
			sourceTree = "<group>";
		};
		4465BE3B25C6B6F2000BFECB /* Details Tests */ = {
			isa = PBXGroup;
			children = (
				4465BE3C25C6B725000BFECB /* DetailsBuilderTests.swift */,
				4465BE4925C6B748000BFECB /* DetailsInteractorTests.swift */,
				4465BE4E25C6B758000BFECB /* DetailsPresenterTests.swift */,
			);
			path = "Details Tests";
			sourceTree = "<group>";
		};
		4465BE6125C6C2D5000BFECB /* Settings */ = {
			isa = PBXGroup;
			children = (
				4465BE5C25C6C2CD000BFECB /* SettingsViewControllerStub.swift */,
				4465BE6525C6C470000BFECB /* SettingsPresenterStub.swift */,
				4465BE6B25C6C5F5000BFECB /* SettingsInteractorStub.swift */,
			);
			path = Settings;
			sourceTree = "<group>";
		};
		4465BE8025C6CADC000BFECB /* Settings Tests */ = {
			isa = PBXGroup;
			children = (
				4465BE7B25C6CAD6000BFECB /* SettingsBuilderTests.swift */,
				4465BE8125C6CB32000BFECB /* SettingsInteractorTests.swift */,
				4465BE8925C6CB3F000BFECB /* SettingsPresenterTests.swift */,
			);
			path = "Settings Tests";
			sourceTree = "<group>";
		};
		4465BE9225C6E2A1000BFECB /* Source */ = {
			isa = PBXGroup;
			children = (
				4465BE9325C6E2C0000BFECB /* SourceViewControllerStub.swift */,
				4465BE9925C6E4F5000BFECB /* SourceInteractorStub.swift */,
				4465BE9D25C6E5E0000BFECB /* SourcePresenterStub.swift */,
			);
			path = Source;
			sourceTree = "<group>";
		};
		4465BEA125C6E7B5000BFECB /* Source Tests */ = {
			isa = PBXGroup;
			children = (
				4465BEA425C6E7F3000BFECB /* SourceBuilderTests.swift */,
				4465BEA825C6EEAC000BFECB /* SourceInteractorTests.swift */,
				4465BEAC25C6F68F000BFECB /* SourcePresenterTests.swift */,
			);
			path = "Source Tests";
			sourceTree = "<group>";
		};
		448F6C8025C6AC7B00BFAC6F /* Managers */ = {
			isa = PBXGroup;
			children = (
				4465BE7325C6C86C000BFECB /* NetworkManagerStub.swift */,
				44B4001A25C69C6400F0D1CD /* StorageManagerStub.swift */,
				44B4001F25C69CE600F0D1CD /* TestCoreDataStack.swift */,
			);
			path = Managers;
			sourceTree = "<group>";
		};
		448F6C8125C6AC8400BFAC6F /* Screens */ = {
			isa = PBXGroup;
			children = (
				4431CE7525C6A20200F6B6EA /* List */,
				4465BE2125C6B5C2000BFECB /* Details */,
				4465BE6125C6C2D5000BFECB /* Settings */,
				4465BE9225C6E2A1000BFECB /* Source */,
			);
			path = Screens;
			sourceTree = "<group>";
		};
		449B874025C29C1900E0F27F /* Cells */ = {
			isa = PBXGroup;
			children = (
				449B873B25C29C1200E0F27F /* SourceCell.swift */,
			);
			path = Cells;
			sourceTree = "<group>";
		};
		44B4000025C6897000F0D1CD /* UI Extensions */ = {
			isa = PBXGroup;
			children = (
				44289B1B25BEFF4400EC8782 /* UIHelper.swift */,
				44956F9A25C101C9005B53DC /* UILabel + Extension.swift */,
				44B4FFD725C561E400F0D1CD /* UISearchBar + Extension.swift */,
				449B872925C277BD00E0F27F /* UINavigationBar + Extension.swift */,
				449B873625C27D5A00E0F27F /* UINavigationController + Extension.swift */,
				44956FA425C104E0005B53DC /* UIStackView + Extension.swift */,
				44956FA925C126DC005B53DC /* UIScrollView + Extension.swift */,
				449B872125C26C6500E0F27F /* UITableView + Extensionn.swift */,
			);
			path = "UI Extensions";
			sourceTree = "<group>";
		};
		44B4002425C69EA300F0D1CD /* Stubs */ = {
			isa = PBXGroup;
			children = (
				448F6C8025C6AC7B00BFAC6F /* Managers */,
				448F6C8125C6AC8400BFAC6F /* Screens */,
			);
			path = Stubs;
			sourceTree = "<group>";
		};
		44D41BE925C2F9EC00EB6487 /* Source */ = {
			isa = PBXGroup;
			children = (
				44D41BF225C2FA7800EB6487 /* SourceBuilder.swift */,
				44D41C1125C3013500EB6487 /* Views */,
				44D41BEA25C2FA1500EB6487 /* SourceViewController.swift */,
				44D41C0725C2FF5800EB6487 /* SourcePresenter.swift */,
				44D41BFF25C2FE9800EB6487 /* SourceInteractor.swift */,
				44D41C0C25C2FF9500EB6487 /* SourceRouter.swift */,
			);
			path = Source;
			sourceTree = "<group>";
		};
		44D41C1125C3013500EB6487 /* Views */ = {
			isa = PBXGroup;
			children = (
				44D41BE425C2BC1300EB6487 /* SourceView.swift */,
			);
			path = Views;
			sourceTree = "<group>";
		};
		44FB0F3125BFB9870027B4FC /* Model */ = {
			isa = PBXGroup;
			children = (
				44FB0F3C25BFBDB30027B4FC /* NewsSources.xcdatamodeld */,
			);
			path = Model;
			sourceTree = "<group>";
		};
		44FB0F3225BFBC520027B4FC /* Settings */ = {
			isa = PBXGroup;
			children = (
				44FB0F6625BFC95D0027B4FC /* SettingsBuilder.swift */,
				449B874025C29C1900E0F27F /* Cells */,
				44B4FFE525C56E6000F0D1CD /* SwipeTableViewController.swift */,
				44FB0F3325BFBC720027B4FC /* SettingsViewController.swift */,
				44FB0F5225BFC0980027B4FC /* SettingsPresenter.swift */,
				44FB0F5725BFC0D70027B4FC /* SettingsInteractor.swift */,
				44FB0F5C25BFC1B00027B4FC /* SettingsRouter.swift */,
				44FB0F6125BFC1D60027B4FC /* SettingsModels.swift */,
			);
			path = Settings;
			sourceTree = "<group>";
		};
		44FB0F6E25C00AC70027B4FC /* Managers */ = {
			isa = PBXGroup;
			children = (
				44289B7225BF042100EC8782 /* NetworkManager.swift */,
				44FB0F4225BFBE4C0027B4FC /* StorageManager.swift */,
			);
			path = Managers;
			sourceTree = "<group>";
		};
		A1F23DF79D48FCC64DF4B205 /* Frameworks */ = {
			isa = PBXGroup;
			children = (
				29F14625BAAB016B4E1B2BE0 /* Pods_RSSFeedApp.framework */,
				27D4B0B6B83212481F7898DA /* Pods_RSSFeedApp_RSSFeedAppUITests.framework */,
				27CCDBC2E0B0046F4B2EE44C /* Pods_RSSFeedAppTests.framework */,
			);
			name = Frameworks;
			sourceTree = "<group>";
		};
		C56DA66ABD65E3BFDE0FAADE /* Pods */ = {
			isa = PBXGroup;
			children = (
				9D682B2AA008FF076003F517 /* Pods-RSSFeedApp.debug.xcconfig */,
				8ACA96A674B63C33D762D0CB /* Pods-RSSFeedApp.release.xcconfig */,
				F977867E0A9688D6F4F7D072 /* Pods-RSSFeedApp-RSSFeedAppUITests.debug.xcconfig */,
				C231C7A0617ADB388E14C84A /* Pods-RSSFeedApp-RSSFeedAppUITests.release.xcconfig */,
				60B1695D4A78D395F2C36700 /* Pods-RSSFeedAppTests.debug.xcconfig */,
				8AB0E3B895CA0579639C6D49 /* Pods-RSSFeedAppTests.release.xcconfig */,
			);
			path = Pods;
			sourceTree = "<group>";
		};
/* End PBXGroup section */

/* Begin PBXNativeTarget section */
		44289ACA25BEFC9200EC8782 /* RSSFeedApp */ = {
			isa = PBXNativeTarget;
			buildConfigurationList = 44289AF525BEFC9600EC8782 /* Build configuration list for PBXNativeTarget "RSSFeedApp" */;
			buildPhases = (
				B5C934DF3E95B167AD5AEEAD /* [CP] Check Pods Manifest.lock */,
				44289AC725BEFC9200EC8782 /* Sources */,
				44289AC825BEFC9200EC8782 /* Frameworks */,
				44289AC925BEFC9200EC8782 /* Resources */,
				2D694684E7D6DBAA8692A86D /* [CP] Embed Pods Frameworks */,
			);
			buildRules = (
			);
			dependencies = (
			);
			name = RSSFeedApp;
			productName = RSSFeedApp;
			productReference = 44289ACB25BEFC9200EC8782 /* RSSFeedApp.app */;
			productType = "com.apple.product-type.application";
		};
		44289AE025BEFC9600EC8782 /* RSSFeedAppTests */ = {
			isa = PBXNativeTarget;
			buildConfigurationList = 44289AF825BEFC9600EC8782 /* Build configuration list for PBXNativeTarget "RSSFeedAppTests" */;
			buildPhases = (
				298D7B35D76CA4A983D256A4 /* [CP] Check Pods Manifest.lock */,
				44289ADD25BEFC9600EC8782 /* Sources */,
				44289ADE25BEFC9600EC8782 /* Frameworks */,
				44289ADF25BEFC9600EC8782 /* Resources */,
			);
			buildRules = (
			);
			dependencies = (
				44289AE325BEFC9600EC8782 /* PBXTargetDependency */,
			);
			name = RSSFeedAppTests;
			productName = RSSFeedAppTests;
			productReference = 44289AE125BEFC9600EC8782 /* RSSFeedAppTests.xctest */;
			productType = "com.apple.product-type.bundle.unit-test";
		};
/* End PBXNativeTarget section */

/* Begin PBXProject section */
		44289AC325BEFC9200EC8782 /* Project object */ = {
			isa = PBXProject;
			attributes = {
				LastSwiftUpdateCheck = 1230;
				LastUpgradeCheck = 1230;
				TargetAttributes = {
					44289ACA25BEFC9200EC8782 = {
						CreatedOnToolsVersion = 12.3;
					};
					44289AE025BEFC9600EC8782 = {
						CreatedOnToolsVersion = 12.3;
						TestTargetID = 44289ACA25BEFC9200EC8782;
					};
				};
			};
			buildConfigurationList = 44289AC625BEFC9200EC8782 /* Build configuration list for PBXProject "RSSFeedApp" */;
			compatibilityVersion = "Xcode 9.3";
			developmentRegion = en;
			hasScannedForEncodings = 0;
			knownRegions = (
				en,
				Base,
			);
			mainGroup = 44289AC225BEFC9200EC8782;
			productRefGroup = 44289ACC25BEFC9200EC8782 /* Products */;
			projectDirPath = "";
			projectRoot = "";
			targets = (
				44289ACA25BEFC9200EC8782 /* RSSFeedApp */,
				44289AE025BEFC9600EC8782 /* RSSFeedAppTests */,
			);
		};
/* End PBXProject section */

/* Begin PBXResourcesBuildPhase section */
		44289AC925BEFC9200EC8782 /* Resources */ = {
			isa = PBXResourcesBuildPhase;
			buildActionMask = 2147483647;
			files = (
				44289ADB25BEFC9500EC8782 /* LaunchScreen.storyboard in Resources */,
				44289AD825BEFC9500EC8782 /* Assets.xcassets in Resources */,
			);
			runOnlyForDeploymentPostprocessing = 0;
		};
		44289ADF25BEFC9600EC8782 /* Resources */ = {
			isa = PBXResourcesBuildPhase;
			buildActionMask = 2147483647;
			files = (
			);
			runOnlyForDeploymentPostprocessing = 0;
		};
/* End PBXResourcesBuildPhase section */

/* Begin PBXShellScriptBuildPhase section */
		298D7B35D76CA4A983D256A4 /* [CP] Check Pods Manifest.lock */ = {
			isa = PBXShellScriptBuildPhase;
			buildActionMask = 2147483647;
			files = (
			);
			inputFileListPaths = (
			);
			inputPaths = (
				"${PODS_PODFILE_DIR_PATH}/Podfile.lock",
				"${PODS_ROOT}/Manifest.lock",
			);
			name = "[CP] Check Pods Manifest.lock";
			outputFileListPaths = (
			);
			outputPaths = (
				"$(DERIVED_FILE_DIR)/Pods-RSSFeedAppTests-checkManifestLockResult.txt",
			);
			runOnlyForDeploymentPostprocessing = 0;
			shellPath = /bin/sh;
			shellScript = "diff \"${PODS_PODFILE_DIR_PATH}/Podfile.lock\" \"${PODS_ROOT}/Manifest.lock\" > /dev/null\nif [ $? != 0 ] ; then\n    # print error to STDERR\n    echo \"error: The sandbox is not in sync with the Podfile.lock. Run 'pod install' or update your CocoaPods installation.\" >&2\n    exit 1\nfi\n# This output is used by Xcode 'outputs' to avoid re-running this script phase.\necho \"SUCCESS\" > \"${SCRIPT_OUTPUT_FILE_0}\"\n";
			showEnvVarsInLog = 0;
		};
		2D694684E7D6DBAA8692A86D /* [CP] Embed Pods Frameworks */ = {
			isa = PBXShellScriptBuildPhase;
			buildActionMask = 2147483647;
			files = (
			);
			inputFileListPaths = (
				"${PODS_ROOT}/Target Support Files/Pods-RSSFeedApp/Pods-RSSFeedApp-frameworks-${CONFIGURATION}-input-files.xcfilelist",
			);
			name = "[CP] Embed Pods Frameworks";
			outputFileListPaths = (
				"${PODS_ROOT}/Target Support Files/Pods-RSSFeedApp/Pods-RSSFeedApp-frameworks-${CONFIGURATION}-output-files.xcfilelist",
			);
			runOnlyForDeploymentPostprocessing = 0;
			shellPath = /bin/sh;
			shellScript = "\"${PODS_ROOT}/Target Support Files/Pods-RSSFeedApp/Pods-RSSFeedApp-frameworks.sh\"\n";
			showEnvVarsInLog = 0;
		};
		B5C934DF3E95B167AD5AEEAD /* [CP] Check Pods Manifest.lock */ = {
			isa = PBXShellScriptBuildPhase;
			buildActionMask = 2147483647;
			files = (
			);
			inputFileListPaths = (
			);
			inputPaths = (
				"${PODS_PODFILE_DIR_PATH}/Podfile.lock",
				"${PODS_ROOT}/Manifest.lock",
			);
			name = "[CP] Check Pods Manifest.lock";
			outputFileListPaths = (
			);
			outputPaths = (
				"$(DERIVED_FILE_DIR)/Pods-RSSFeedApp-checkManifestLockResult.txt",
			);
			runOnlyForDeploymentPostprocessing = 0;
			shellPath = /bin/sh;
			shellScript = "diff \"${PODS_PODFILE_DIR_PATH}/Podfile.lock\" \"${PODS_ROOT}/Manifest.lock\" > /dev/null\nif [ $? != 0 ] ; then\n    # print error to STDERR\n    echo \"error: The sandbox is not in sync with the Podfile.lock. Run 'pod install' or update your CocoaPods installation.\" >&2\n    exit 1\nfi\n# This output is used by Xcode 'outputs' to avoid re-running this script phase.\necho \"SUCCESS\" > \"${SCRIPT_OUTPUT_FILE_0}\"\n";
			showEnvVarsInLog = 0;
		};
/* End PBXShellScriptBuildPhase section */

/* Begin PBXSourcesBuildPhase section */
		44289AC725BEFC9200EC8782 /* Sources */ = {
			isa = PBXSourcesBuildPhase;
			buildActionMask = 2147483647;
			files = (
				44289B7325BF042100EC8782 /* NetworkManager.swift in Sources */,
				44289B1225BEFE1D00EC8782 /* Constants.swift in Sources */,
				44B4FFE625C56E6000F0D1CD /* SwipeTableViewController.swift in Sources */,
				44289B3D25BF001F00EC8782 /* ListInteractor.swift in Sources */,
				44956FA525C104E0005B53DC /* UIStackView + Extension.swift in Sources */,
				44FB0F3425BFBC720027B4FC /* SettingsViewController.swift in Sources */,
				44289B0D25BEFD2C00EC8782 /* DetailsViewController.swift in Sources */,
				44D41C0D25C2FF9500EB6487 /* SourceRouter.swift in Sources */,
				44289B0525BEFD1300EC8782 /* ListViewController.swift in Sources */,
				44289B5225BF00A400EC8782 /* DetailsBuilder.swift in Sources */,
				449B873C25C29C1200E0F27F /* SourceCell.swift in Sources */,
				44B4FFD825C561E400F0D1CD /* UISearchBar + Extension.swift in Sources */,
				44289B4D25BF006100EC8782 /* ListRouter.swift in Sources */,
				449B873725C27D5A00E0F27F /* UINavigationController + Extension.swift in Sources */,
				44289B2F25BEFFE600EC8782 /* NewsCell.swift in Sources */,
				44956FA025C104A6005B53DC /* DateUtils.swift in Sources */,
				44289B3825BEFFFD00EC8782 /* ListBuilder.swift in Sources */,
				44956F9B25C101C9005B53DC /* UILabel + Extension.swift in Sources */,
				44D41BE525C2BC1300EB6487 /* SourceView.swift in Sources */,
				44289ACF25BEFC9200EC8782 /* AppDelegate.swift in Sources */,
				44289B5C25BF00BF00EC8782 /* DetailsIntercator.swift in Sources */,
				44B4FFD025C4250B00F0D1CD /* ThreadsafeArray.swift in Sources */,
				449B872A25C277BD00E0F27F /* UINavigationBar + Extension.swift in Sources */,
				44D41C0025C2FE9800EB6487 /* SourceInteractor.swift in Sources */,
				449B872225C26C6500E0F27F /* UITableView + Extensionn.swift in Sources */,
				44289B6B25BF00E700EC8782 /* DetailsModels.swift in Sources */,
				44FB0F4325BFBE4C0027B4FC /* StorageManager.swift in Sources */,
				44FB0F6725BFC95D0027B4FC /* SettingsBuilder.swift in Sources */,
				44956FCC25C13894005B53DC /* String + Extension.swift in Sources */,
				44289B5725BF00B100EC8782 /* DetailsPresenter.swift in Sources */,
				44289B6625BF00DA00EC8782 /* ListModels.swift in Sources */,
				44289B4525BF002B00EC8782 /* ListPresenter.swift in Sources */,
				44D41C0825C2FF5800EB6487 /* SourcePresenter.swift in Sources */,
				44FB0F3E25BFBDB30027B4FC /* NewsSources.xcdatamodeld in Sources */,
				44FB0F5D25BFC1B00027B4FC /* SettingsRouter.swift in Sources */,
				44D41BF325C2FA7800EB6487 /* SourceBuilder.swift in Sources */,
				44956FAA25C126DC005B53DC /* UIScrollView + Extension.swift in Sources */,
				44FB0F5325BFC0980027B4FC /* SettingsPresenter.swift in Sources */,
				44D41BEB25C2FA1500EB6487 /* SourceViewController.swift in Sources */,
				44289AD125BEFC9200EC8782 /* SceneDelegate.swift in Sources */,
				44289B6125BF00CB00EC8782 /* DetailsRouter.swift in Sources */,
				44289B1C25BEFF4400EC8782 /* UIHelper.swift in Sources */,
				44FB0F6225BFC1D60027B4FC /* SettingsModels.swift in Sources */,
				449B872F25C2796E00E0F27F /* LoadingView.swift in Sources */,
				44FB0F5825BFC0D70027B4FC /* SettingsInteractor.swift in Sources */,
			);
			runOnlyForDeploymentPostprocessing = 0;
		};
		44289ADD25BEFC9600EC8782 /* Sources */ = {
			isa = PBXSourcesBuildPhase;
			buildActionMask = 2147483647;
			files = (
				4465BE2325C6B5DE000BFECB /* DetailsViewControllerStub.swift in Sources */,
				4465BE5D25C6C2CD000BFECB /* SettingsViewControllerStub.swift in Sources */,
				4465BE6625C6C470000BFECB /* SettingsPresenterStub.swift in Sources */,
				4431CE7125C6A07200F6B6EA /* ListViewControllerStub.swift in Sources */,
				4431CE8525C6A31900F6B6EA /* ListIntercatorStub.swift in Sources */,
				44B4002025C69CE600F0D1CD /* TestCoreDataStack.swift in Sources */,
				4465BE3325C6B61E000BFECB /* DetailsInteractorStub.swift in Sources */,
				4465BE7425C6C86C000BFECB /* NetworkManagerStub.swift in Sources */,
				44B4001B25C69C6400F0D1CD /* StorageManagerStub.swift in Sources */,
				4465BEA925C6EEAC000BFECB /* SourceInteractorTests.swift in Sources */,
				4431CE7D25C6A21500F6B6EA /* ListPresenterStub.swift in Sources */,
				4465BE3D25C6B725000BFECB /* DetailsBuilderTests.swift in Sources */,
				4465BE7C25C6CAD6000BFECB /* SettingsBuilderTests.swift in Sources */,
				4465BE6C25C6C5F5000BFECB /* SettingsInteractorStub.swift in Sources */,
				4465BEAD25C6F68F000BFECB /* SourcePresenterTests.swift in Sources */,
				448F6C8325C6ACA400BFAC6F /* ListPresenterTests.swift in Sources */,
				4465BE4F25C6B758000BFECB /* DetailsPresenterTests.swift in Sources */,
				4465BE8225C6CB32000BFECB /* SettingsInteractorTests.swift in Sources */,
				4465BEA525C6E7F3000BFECB /* SourceBuilderTests.swift in Sources */,
				4465BE4A25C6B748000BFECB /* DetailsInteractorTests.swift in Sources */,
				4465BE9E25C6E5E0000BFECB /* SourcePresenterStub.swift in Sources */,
				448F6C7C25C6AB4100BFAC6F /* ListInteractorTests.swift in Sources */,
				4465BE9425C6E2C0000BFECB /* SourceViewControllerStub.swift in Sources */,
				44B4001125C699DE00F0D1CD /* ListBuilderTests.swift in Sources */,
				4465BE2B25C6B611000BFECB /* DetailsPresenterStub.swift in Sources */,
				4465BE8A25C6CB3F000BFECB /* SettingsPresenterTests.swift in Sources */,
				4465BE9A25C6E4F5000BFECB /* SourceInteractorStub.swift in Sources */,
			);
			runOnlyForDeploymentPostprocessing = 0;
		};
/* End PBXSourcesBuildPhase section */

/* Begin PBXTargetDependency section */
		44289AE325BEFC9600EC8782 /* PBXTargetDependency */ = {
			isa = PBXTargetDependency;
			target = 44289ACA25BEFC9200EC8782 /* RSSFeedApp */;
			targetProxy = 44289AE225BEFC9600EC8782 /* PBXContainerItemProxy */;
		};
/* End PBXTargetDependency section */

/* Begin PBXVariantGroup section */
		44289AD925BEFC9500EC8782 /* LaunchScreen.storyboard */ = {
			isa = PBXVariantGroup;
			children = (
				44289ADA25BEFC9500EC8782 /* Base */,
			);
			name = LaunchScreen.storyboard;
			sourceTree = "<group>";
		};
/* End PBXVariantGroup section */

/* Begin XCBuildConfiguration section */
		44289AF325BEFC9600EC8782 /* Debug */ = {
			isa = XCBuildConfiguration;
			buildSettings = {
				ALWAYS_SEARCH_USER_PATHS = NO;
				CLANG_ANALYZER_NONNULL = YES;
				CLANG_ANALYZER_NUMBER_OBJECT_CONVERSION = YES_AGGRESSIVE;
				CLANG_CXX_LANGUAGE_STANDARD = "gnu++14";
				CLANG_CXX_LIBRARY = "libc++";
				CLANG_ENABLE_MODULES = YES;
				CLANG_ENABLE_OBJC_ARC = YES;
				CLANG_ENABLE_OBJC_WEAK = YES;
				CLANG_WARN_BLOCK_CAPTURE_AUTORELEASING = YES;
				CLANG_WARN_BOOL_CONVERSION = YES;
				CLANG_WARN_COMMA = YES;
				CLANG_WARN_CONSTANT_CONVERSION = YES;
				CLANG_WARN_DEPRECATED_OBJC_IMPLEMENTATIONS = YES;
				CLANG_WARN_DIRECT_OBJC_ISA_USAGE = YES_ERROR;
				CLANG_WARN_DOCUMENTATION_COMMENTS = YES;
				CLANG_WARN_EMPTY_BODY = YES;
				CLANG_WARN_ENUM_CONVERSION = YES;
				CLANG_WARN_INFINITE_RECURSION = YES;
				CLANG_WARN_INT_CONVERSION = YES;
				CLANG_WARN_NON_LITERAL_NULL_CONVERSION = YES;
				CLANG_WARN_OBJC_IMPLICIT_RETAIN_SELF = YES;
				CLANG_WARN_OBJC_LITERAL_CONVERSION = YES;
				CLANG_WARN_OBJC_ROOT_CLASS = YES_ERROR;
				CLANG_WARN_QUOTED_INCLUDE_IN_FRAMEWORK_HEADER = YES;
				CLANG_WARN_RANGE_LOOP_ANALYSIS = YES;
				CLANG_WARN_STRICT_PROTOTYPES = YES;
				CLANG_WARN_SUSPICIOUS_MOVE = YES;
				CLANG_WARN_UNGUARDED_AVAILABILITY = YES_AGGRESSIVE;
				CLANG_WARN_UNREACHABLE_CODE = YES;
				CLANG_WARN__DUPLICATE_METHOD_MATCH = YES;
				COPY_PHASE_STRIP = NO;
				DEBUG_INFORMATION_FORMAT = dwarf;
				ENABLE_STRICT_OBJC_MSGSEND = YES;
				ENABLE_TESTABILITY = YES;
				GCC_C_LANGUAGE_STANDARD = gnu11;
				GCC_DYNAMIC_NO_PIC = NO;
				GCC_NO_COMMON_BLOCKS = YES;
				GCC_OPTIMIZATION_LEVEL = 0;
				GCC_PREPROCESSOR_DEFINITIONS = (
					"DEBUG=1",
					"$(inherited)",
				);
				GCC_WARN_64_TO_32_BIT_CONVERSION = YES;
				GCC_WARN_ABOUT_RETURN_TYPE = YES_ERROR;
				GCC_WARN_UNDECLARED_SELECTOR = YES;
				GCC_WARN_UNINITIALIZED_AUTOS = YES_AGGRESSIVE;
				GCC_WARN_UNUSED_FUNCTION = YES;
				GCC_WARN_UNUSED_VARIABLE = YES;
				IPHONEOS_DEPLOYMENT_TARGET = 14.3;
				MTL_ENABLE_DEBUG_INFO = INCLUDE_SOURCE;
				MTL_FAST_MATH = YES;
				ONLY_ACTIVE_ARCH = YES;
				SDKROOT = iphoneos;
				SWIFT_ACTIVE_COMPILATION_CONDITIONS = DEBUG;
				SWIFT_OPTIMIZATION_LEVEL = "-Onone";
			};
			name = Debug;
		};
		44289AF425BEFC9600EC8782 /* Release */ = {
			isa = XCBuildConfiguration;
			buildSettings = {
				ALWAYS_SEARCH_USER_PATHS = NO;
				CLANG_ANALYZER_NONNULL = YES;
				CLANG_ANALYZER_NUMBER_OBJECT_CONVERSION = YES_AGGRESSIVE;
				CLANG_CXX_LANGUAGE_STANDARD = "gnu++14";
				CLANG_CXX_LIBRARY = "libc++";
				CLANG_ENABLE_MODULES = YES;
				CLANG_ENABLE_OBJC_ARC = YES;
				CLANG_ENABLE_OBJC_WEAK = YES;
				CLANG_WARN_BLOCK_CAPTURE_AUTORELEASING = YES;
				CLANG_WARN_BOOL_CONVERSION = YES;
				CLANG_WARN_COMMA = YES;
				CLANG_WARN_CONSTANT_CONVERSION = YES;
				CLANG_WARN_DEPRECATED_OBJC_IMPLEMENTATIONS = YES;
				CLANG_WARN_DIRECT_OBJC_ISA_USAGE = YES_ERROR;
				CLANG_WARN_DOCUMENTATION_COMMENTS = YES;
				CLANG_WARN_EMPTY_BODY = YES;
				CLANG_WARN_ENUM_CONVERSION = YES;
				CLANG_WARN_INFINITE_RECURSION = YES;
				CLANG_WARN_INT_CONVERSION = YES;
				CLANG_WARN_NON_LITERAL_NULL_CONVERSION = YES;
				CLANG_WARN_OBJC_IMPLICIT_RETAIN_SELF = YES;
				CLANG_WARN_OBJC_LITERAL_CONVERSION = YES;
				CLANG_WARN_OBJC_ROOT_CLASS = YES_ERROR;
				CLANG_WARN_QUOTED_INCLUDE_IN_FRAMEWORK_HEADER = YES;
				CLANG_WARN_RANGE_LOOP_ANALYSIS = YES;
				CLANG_WARN_STRICT_PROTOTYPES = YES;
				CLANG_WARN_SUSPICIOUS_MOVE = YES;
				CLANG_WARN_UNGUARDED_AVAILABILITY = YES_AGGRESSIVE;
				CLANG_WARN_UNREACHABLE_CODE = YES;
				CLANG_WARN__DUPLICATE_METHOD_MATCH = YES;
				COPY_PHASE_STRIP = NO;
				DEBUG_INFORMATION_FORMAT = "dwarf-with-dsym";
				ENABLE_NS_ASSERTIONS = NO;
				ENABLE_STRICT_OBJC_MSGSEND = YES;
				GCC_C_LANGUAGE_STANDARD = gnu11;
				GCC_NO_COMMON_BLOCKS = YES;
				GCC_WARN_64_TO_32_BIT_CONVERSION = YES;
				GCC_WARN_ABOUT_RETURN_TYPE = YES_ERROR;
				GCC_WARN_UNDECLARED_SELECTOR = YES;
				GCC_WARN_UNINITIALIZED_AUTOS = YES_AGGRESSIVE;
				GCC_WARN_UNUSED_FUNCTION = YES;
				GCC_WARN_UNUSED_VARIABLE = YES;
				IPHONEOS_DEPLOYMENT_TARGET = 14.3;
				MTL_ENABLE_DEBUG_INFO = NO;
				MTL_FAST_MATH = YES;
				SDKROOT = iphoneos;
				SWIFT_COMPILATION_MODE = wholemodule;
				SWIFT_OPTIMIZATION_LEVEL = "-O";
				VALIDATE_PRODUCT = YES;
			};
			name = Release;
		};
		44289AF625BEFC9600EC8782 /* Debug */ = {
			isa = XCBuildConfiguration;
			baseConfigurationReference = 9D682B2AA008FF076003F517 /* Pods-RSSFeedApp.debug.xcconfig */;
			buildSettings = {
				ASSETCATALOG_COMPILER_APPICON_NAME = AppIcon;
				ASSETCATALOG_COMPILER_GLOBAL_ACCENT_COLOR_NAME = AccentColor;
				CODE_SIGN_STYLE = Automatic;
				DEVELOPMENT_TEAM = CA72R6B357;
				INFOPLIST_FILE = RSSFeedApp/Info.plist;
				LD_RUNPATH_SEARCH_PATHS = (
					"$(inherited)",
					"@executable_path/Frameworks",
				);
				PRODUCT_BUNDLE_IDENTIFIER = "com.Eugene-uskov.RSSFeedApp";
				PRODUCT_NAME = "$(TARGET_NAME)";
				SWIFT_VERSION = 5.0;
				TARGETED_DEVICE_FAMILY = "1,2";
			};
			name = Debug;
		};
		44289AF725BEFC9600EC8782 /* Release */ = {
			isa = XCBuildConfiguration;
			baseConfigurationReference = 8ACA96A674B63C33D762D0CB /* Pods-RSSFeedApp.release.xcconfig */;
			buildSettings = {
				ASSETCATALOG_COMPILER_APPICON_NAME = AppIcon;
				ASSETCATALOG_COMPILER_GLOBAL_ACCENT_COLOR_NAME = AccentColor;
				CODE_SIGN_STYLE = Automatic;
				DEVELOPMENT_TEAM = CA72R6B357;
				INFOPLIST_FILE = RSSFeedApp/Info.plist;
				LD_RUNPATH_SEARCH_PATHS = (
					"$(inherited)",
					"@executable_path/Frameworks",
				);
				PRODUCT_BUNDLE_IDENTIFIER = "com.Eugene-uskov.RSSFeedApp";
				PRODUCT_NAME = "$(TARGET_NAME)";
				SWIFT_VERSION = 5.0;
				TARGETED_DEVICE_FAMILY = "1,2";
			};
			name = Release;
		};
		44289AF925BEFC9600EC8782 /* Debug */ = {
			isa = XCBuildConfiguration;
			baseConfigurationReference = 60B1695D4A78D395F2C36700 /* Pods-RSSFeedAppTests.debug.xcconfig */;
			buildSettings = {
				ALWAYS_EMBED_SWIFT_STANDARD_LIBRARIES = YES;
				BUNDLE_LOADER = "$(TEST_HOST)";
				CODE_SIGN_STYLE = Automatic;
				DEVELOPMENT_TEAM = CA72R6B357;
				INFOPLIST_FILE = RSSFeedAppTests/Info.plist;
				IPHONEOS_DEPLOYMENT_TARGET = 14.3;
				LD_RUNPATH_SEARCH_PATHS = (
					"$(inherited)",
					"@executable_path/Frameworks",
					"@loader_path/Frameworks",
				);
				PRODUCT_BUNDLE_IDENTIFIER = "com.Eugene-uskov.RSSFeedAppTests";
				PRODUCT_NAME = "$(TARGET_NAME)";
				SWIFT_VERSION = 5.0;
				TARGETED_DEVICE_FAMILY = "1,2";
				TEST_HOST = "$(BUILT_PRODUCTS_DIR)/RSSFeedApp.app/RSSFeedApp";
			};
			name = Debug;
		};
		44289AFA25BEFC9600EC8782 /* Release */ = {
			isa = XCBuildConfiguration;
			baseConfigurationReference = 8AB0E3B895CA0579639C6D49 /* Pods-RSSFeedAppTests.release.xcconfig */;
			buildSettings = {
				ALWAYS_EMBED_SWIFT_STANDARD_LIBRARIES = YES;
				BUNDLE_LOADER = "$(TEST_HOST)";
				CODE_SIGN_STYLE = Automatic;
				DEVELOPMENT_TEAM = CA72R6B357;
				INFOPLIST_FILE = RSSFeedAppTests/Info.plist;
				IPHONEOS_DEPLOYMENT_TARGET = 14.3;
				LD_RUNPATH_SEARCH_PATHS = (
					"$(inherited)",
					"@executable_path/Frameworks",
					"@loader_path/Frameworks",
				);
				PRODUCT_BUNDLE_IDENTIFIER = "com.Eugene-uskov.RSSFeedAppTests";
				PRODUCT_NAME = "$(TARGET_NAME)";
				SWIFT_VERSION = 5.0;
				TARGETED_DEVICE_FAMILY = "1,2";
				TEST_HOST = "$(BUILT_PRODUCTS_DIR)/RSSFeedApp.app/RSSFeedApp";
			};
			name = Release;
		};
/* End XCBuildConfiguration section */

/* Begin XCConfigurationList section */
		44289AC625BEFC9200EC8782 /* Build configuration list for PBXProject "RSSFeedApp" */ = {
			isa = XCConfigurationList;
			buildConfigurations = (
				44289AF325BEFC9600EC8782 /* Debug */,
				44289AF425BEFC9600EC8782 /* Release */,
			);
			defaultConfigurationIsVisible = 0;
			defaultConfigurationName = Release;
		};
		44289AF525BEFC9600EC8782 /* Build configuration list for PBXNativeTarget "RSSFeedApp" */ = {
			isa = XCConfigurationList;
			buildConfigurations = (
				44289AF625BEFC9600EC8782 /* Debug */,
				44289AF725BEFC9600EC8782 /* Release */,
			);
			defaultConfigurationIsVisible = 0;
			defaultConfigurationName = Release;
		};
		44289AF825BEFC9600EC8782 /* Build configuration list for PBXNativeTarget "RSSFeedAppTests" */ = {
			isa = XCConfigurationList;
			buildConfigurations = (
				44289AF925BEFC9600EC8782 /* Debug */,
				44289AFA25BEFC9600EC8782 /* Release */,
			);
			defaultConfigurationIsVisible = 0;
			defaultConfigurationName = Release;
		};
/* End XCConfigurationList section */

/* Begin XCVersionGroup section */
		44FB0F3C25BFBDB30027B4FC /* NewsSources.xcdatamodeld */ = {
			isa = XCVersionGroup;
			children = (
				44FB0F3D25BFBDB30027B4FC /* NewsSources.xcdatamodel */,
			);
			currentVersion = 44FB0F3D25BFBDB30027B4FC /* NewsSources.xcdatamodel */;
			path = NewsSources.xcdatamodeld;
			sourceTree = "<group>";
			versionGroupType = wrapper.xcdatamodel;
		};
/* End XCVersionGroup section */
	};
	rootObject = 44289AC325BEFC9200EC8782 /* Project object */;
}
