// !$*UTF8*$!
{
	archiveVersion = 1;
	classes = {
	};
	objectVersion = 50;
	objects = {

/* Begin PBXBuildFile section */
		44289ACF25BEFC9200EC8782 /* AppDelegate.swift in Sources */ = {isa = PBXBuildFile; fileRef = 44289ACE25BEFC9200EC8782 /* AppDelegate.swift */; };
		44289AD125BEFC9200EC8782 /* SceneDelegate.swift in Sources */ = {isa = PBXBuildFile; fileRef = 44289AD025BEFC9200EC8782 /* SceneDelegate.swift */; };
		44289AD325BEFC9200EC8782 /* ViewController.swift in Sources */ = {isa = PBXBuildFile; fileRef = 44289AD225BEFC9200EC8782 /* ViewController.swift */; };
		44289AD625BEFC9200EC8782 /* Main.storyboard in Resources */ = {isa = PBXBuildFile; fileRef = 44289AD425BEFC9200EC8782 /* Main.storyboard */; };
		44289AD825BEFC9500EC8782 /* Assets.xcassets in Resources */ = {isa = PBXBuildFile; fileRef = 44289AD725BEFC9500EC8782 /* Assets.xcassets */; };
		44289ADB25BEFC9500EC8782 /* LaunchScreen.storyboard in Resources */ = {isa = PBXBuildFile; fileRef = 44289AD925BEFC9500EC8782 /* LaunchScreen.storyboard */; };
		44289AE625BEFC9600EC8782 /* RSSFeedAppTests.swift in Sources */ = {isa = PBXBuildFile; fileRef = 44289AE525BEFC9600EC8782 /* RSSFeedAppTests.swift */; };
		44289AF125BEFC9600EC8782 /* RSSFeedAppUITests.swift in Sources */ = {isa = PBXBuildFile; fileRef = 44289AF025BEFC9600EC8782 /* RSSFeedAppUITests.swift */; };
/* End PBXBuildFile section */

/* Begin PBXContainerItemProxy section */
		44289AE225BEFC9600EC8782 /* PBXContainerItemProxy */ = {
			isa = PBXContainerItemProxy;
			containerPortal = 44289AC325BEFC9200EC8782 /* Project object */;
			proxyType = 1;
			remoteGlobalIDString = 44289ACA25BEFC9200EC8782;
			remoteInfo = RSSFeedApp;
		};
		44289AED25BEFC9600EC8782 /* PBXContainerItemProxy */ = {
			isa = PBXContainerItemProxy;
			containerPortal = 44289AC325BEFC9200EC8782 /* Project object */;
			proxyType = 1;
			remoteGlobalIDString = 44289ACA25BEFC9200EC8782;
			remoteInfo = RSSFeedApp;
		};
/* End PBXContainerItemProxy section */

/* Begin PBXFileReference section */
		44289ACB25BEFC9200EC8782 /* RSSFeedApp.app */ = {isa = PBXFileReference; explicitFileType = wrapper.application; includeInIndex = 0; path = RSSFeedApp.app; sourceTree = BUILT_PRODUCTS_DIR; };
		44289ACE25BEFC9200EC8782 /* AppDelegate.swift */ = {isa = PBXFileReference; lastKnownFileType = sourcecode.swift; path = AppDelegate.swift; sourceTree = "<group>"; };
		44289AD025BEFC9200EC8782 /* SceneDelegate.swift */ = {isa = PBXFileReference; lastKnownFileType = sourcecode.swift; path = SceneDelegate.swift; sourceTree = "<group>"; };
		44289AD225BEFC9200EC8782 /* ViewController.swift */ = {isa = PBXFileReference; lastKnownFileType = sourcecode.swift; path = ViewController.swift; sourceTree = "<group>"; };
		44289AD525BEFC9200EC8782 /* Base */ = {isa = PBXFileReference; lastKnownFileType = file.storyboard; name = Base; path = Base.lproj/Main.storyboard; sourceTree = "<group>"; };
		44289AD725BEFC9500EC8782 /* Assets.xcassets */ = {isa = PBXFileReference; lastKnownFileType = folder.assetcatalog; path = Assets.xcassets; sourceTree = "<group>"; };
		44289ADA25BEFC9500EC8782 /* Base */ = {isa = PBXFileReference; lastKnownFileType = file.storyboard; name = Base; path = Base.lproj/LaunchScreen.storyboard; sourceTree = "<group>"; };
		44289ADC25BEFC9500EC8782 /* Info.plist */ = {isa = PBXFileReference; lastKnownFileType = text.plist.xml; path = Info.plist; sourceTree = "<group>"; };
		44289AE125BEFC9600EC8782 /* RSSFeedAppTests.xctest */ = {isa = PBXFileReference; explicitFileType = wrapper.cfbundle; includeInIndex = 0; path = RSSFeedAppTests.xctest; sourceTree = BUILT_PRODUCTS_DIR; };
		44289AE525BEFC9600EC8782 /* RSSFeedAppTests.swift */ = {isa = PBXFileReference; lastKnownFileType = sourcecode.swift; path = RSSFeedAppTests.swift; sourceTree = "<group>"; };
		44289AE725BEFC9600EC8782 /* Info.plist */ = {isa = PBXFileReference; lastKnownFileType = text.plist.xml; path = Info.plist; sourceTree = "<group>"; };
		44289AEC25BEFC9600EC8782 /* RSSFeedAppUITests.xctest */ = {isa = PBXFileReference; explicitFileType = wrapper.cfbundle; includeInIndex = 0; path = RSSFeedAppUITests.xctest; sourceTree = BUILT_PRODUCTS_DIR; };
		44289AF025BEFC9600EC8782 /* RSSFeedAppUITests.swift */ = {isa = PBXFileReference; lastKnownFileType = sourcecode.swift; path = RSSFeedAppUITests.swift; sourceTree = "<group>"; };
		44289AF225BEFC9600EC8782 /* Info.plist */ = {isa = PBXFileReference; lastKnownFileType = text.plist.xml; path = Info.plist; sourceTree = "<group>"; };
/* End PBXFileReference section */

/* Begin PBXFrameworksBuildPhase section */
		44289AC825BEFC9200EC8782 /* Frameworks */ = {
			isa = PBXFrameworksBuildPhase;
			buildActionMask = 2147483647;
			files = (
			);
			runOnlyForDeploymentPostprocessing = 0;
		};
		44289ADE25BEFC9600EC8782 /* Frameworks */ = {
			isa = PBXFrameworksBuildPhase;
			buildActionMask = 2147483647;
			files = (
			);
			runOnlyForDeploymentPostprocessing = 0;
		};
		44289AE925BEFC9600EC8782 /* Frameworks */ = {
			isa = PBXFrameworksBuildPhase;
			buildActionMask = 2147483647;
			files = (
			);
			runOnlyForDeploymentPostprocessing = 0;
		};
/* End PBXFrameworksBuildPhase section */

/* Begin PBXGroup section */
		44289AC225BEFC9200EC8782 = {
			isa = PBXGroup;
			children = (
				44289ACD25BEFC9200EC8782 /* RSSFeedApp */,
				44289AE425BEFC9600EC8782 /* RSSFeedAppTests */,
				44289AEF25BEFC9600EC8782 /* RSSFeedAppUITests */,
				44289ACC25BEFC9200EC8782 /* Products */,
			);
			sourceTree = "<group>";
		};
		44289ACC25BEFC9200EC8782 /* Products */ = {
			isa = PBXGroup;
			children = (
				44289ACB25BEFC9200EC8782 /* RSSFeedApp.app */,
				44289AE125BEFC9600EC8782 /* RSSFeedAppTests.xctest */,
				44289AEC25BEFC9600EC8782 /* RSSFeedAppUITests.xctest */,
			);
			name = Products;
			sourceTree = "<group>";
		};
		44289ACD25BEFC9200EC8782 /* RSSFeedApp */ = {
			isa = PBXGroup;
			children = (
				44289ACE25BEFC9200EC8782 /* AppDelegate.swift */,
				44289AD025BEFC9200EC8782 /* SceneDelegate.swift */,
				44289AD225BEFC9200EC8782 /* ViewController.swift */,
				44289AD425BEFC9200EC8782 /* Main.storyboard */,
				44289AD725BEFC9500EC8782 /* Assets.xcassets */,
				44289AD925BEFC9500EC8782 /* LaunchScreen.storyboard */,
				44289ADC25BEFC9500EC8782 /* Info.plist */,
			);
			path = RSSFeedApp;
			sourceTree = "<group>";
		};
		44289AE425BEFC9600EC8782 /* RSSFeedAppTests */ = {
			isa = PBXGroup;
			children = (
				44289AE525BEFC9600EC8782 /* RSSFeedAppTests.swift */,
				44289AE725BEFC9600EC8782 /* Info.plist */,
			);
			path = RSSFeedAppTests;
			sourceTree = "<group>";
		};
		44289AEF25BEFC9600EC8782 /* RSSFeedAppUITests */ = {
			isa = PBXGroup;
			children = (
				44289AF025BEFC9600EC8782 /* RSSFeedAppUITests.swift */,
				44289AF225BEFC9600EC8782 /* Info.plist */,
			);
			path = RSSFeedAppUITests;
			sourceTree = "<group>";
		};
/* End PBXGroup section */

/* Begin PBXNativeTarget section */
		44289ACA25BEFC9200EC8782 /* RSSFeedApp */ = {
			isa = PBXNativeTarget;
			buildConfigurationList = 44289AF525BEFC9600EC8782 /* Build configuration list for PBXNativeTarget "RSSFeedApp" */;
			buildPhases = (
				44289AC725BEFC9200EC8782 /* Sources */,
				44289AC825BEFC9200EC8782 /* Frameworks */,
				44289AC925BEFC9200EC8782 /* Resources */,
			);
			buildRules = (
			);
			dependencies = (
			);
			name = RSSFeedApp;
			productName = RSSFeedApp;
			productReference = 44289ACB25BEFC9200EC8782 /* RSSFeedApp.app */;
			productType = "com.apple.product-type.application";
		};
		44289AE025BEFC9600EC8782 /* RSSFeedAppTests */ = {
			isa = PBXNativeTarget;
			buildConfigurationList = 44289AF825BEFC9600EC8782 /* Build configuration list for PBXNativeTarget "RSSFeedAppTests" */;
			buildPhases = (
				44289ADD25BEFC9600EC8782 /* Sources */,
				44289ADE25BEFC9600EC8782 /* Frameworks */,
				44289ADF25BEFC9600EC8782 /* Resources */,
			);
			buildRules = (
			);
			dependencies = (
				44289AE325BEFC9600EC8782 /* PBXTargetDependency */,
			);
			name = RSSFeedAppTests;
			productName = RSSFeedAppTests;
			productReference = 44289AE125BEFC9600EC8782 /* RSSFeedAppTests.xctest */;
			productType = "com.apple.product-type.bundle.unit-test";
		};
		44289AEB25BEFC9600EC8782 /* RSSFeedAppUITests */ = {
			isa = PBXNativeTarget;
			buildConfigurationList = 44289AFB25BEFC9600EC8782 /* Build configuration list for PBXNativeTarget "RSSFeedAppUITests" */;
			buildPhases = (
				44289AE825BEFC9600EC8782 /* Sources */,
				44289AE925BEFC9600EC8782 /* Frameworks */,
				44289AEA25BEFC9600EC8782 /* Resources */,
			);
			buildRules = (
			);
			dependencies = (
				44289AEE25BEFC9600EC8782 /* PBXTargetDependency */,
			);
			name = RSSFeedAppUITests;
			productName = RSSFeedAppUITests;
			productReference = 44289AEC25BEFC9600EC8782 /* RSSFeedAppUITests.xctest */;
			productType = "com.apple.product-type.bundle.ui-testing";
		};
/* End PBXNativeTarget section */

/* Begin PBXProject section */
		44289AC325BEFC9200EC8782 /* Project object */ = {
			isa = PBXProject;
			attributes = {
				LastSwiftUpdateCheck = 1230;
				LastUpgradeCheck = 1230;
				TargetAttributes = {
					44289ACA25BEFC9200EC8782 = {
						CreatedOnToolsVersion = 12.3;
					};
					44289AE025BEFC9600EC8782 = {
						CreatedOnToolsVersion = 12.3;
						TestTargetID = 44289ACA25BEFC9200EC8782;
					};
					44289AEB25BEFC9600EC8782 = {
						CreatedOnToolsVersion = 12.3;
						TestTargetID = 44289ACA25BEFC9200EC8782;
					};
				};
			};
			buildConfigurationList = 44289AC625BEFC9200EC8782 /* Build configuration list for PBXProject "RSSFeedApp" */;
			compatibilityVersion = "Xcode 9.3";
			developmentRegion = en;
			hasScannedForEncodings = 0;
			knownRegions = (
				en,
				Base,
			);
			mainGroup = 44289AC225BEFC9200EC8782;
			productRefGroup = 44289ACC25BEFC9200EC8782 /* Products */;
			projectDirPath = "";
			projectRoot = "";
			targets = (
				44289ACA25BEFC9200EC8782 /* RSSFeedApp */,
				44289AE025BEFC9600EC8782 /* RSSFeedAppTests */,
				44289AEB25BEFC9600EC8782 /* RSSFeedAppUITests */,
			);
		};
/* End PBXProject section */

/* Begin PBXResourcesBuildPhase section */
		44289AC925BEFC9200EC8782 /* Resources */ = {
			isa = PBXResourcesBuildPhase;
			buildActionMask = 2147483647;
			files = (
				44289ADB25BEFC9500EC8782 /* LaunchScreen.storyboard in Resources */,
				44289AD825BEFC9500EC8782 /* Assets.xcassets in Resources */,
				44289AD625BEFC9200EC8782 /* Main.storyboard in Resources */,
			);
			runOnlyForDeploymentPostprocessing = 0;
		};
		44289ADF25BEFC9600EC8782 /* Resources */ = {
			isa = PBXResourcesBuildPhase;
			buildActionMask = 2147483647;
			files = (
			);
			runOnlyForDeploymentPostprocessing = 0;
		};
		44289AEA25BEFC9600EC8782 /* Resources */ = {
			isa = PBXResourcesBuildPhase;
			buildActionMask = 2147483647;
			files = (
			);
			runOnlyForDeploymentPostprocessing = 0;
		};
/* End PBXResourcesBuildPhase section */

/* Begin PBXSourcesBuildPhase section */
		44289AC725BEFC9200EC8782 /* Sources */ = {
			isa = PBXSourcesBuildPhase;
			buildActionMask = 2147483647;
			files = (
				44289AD325BEFC9200EC8782 /* ViewController.swift in Sources */,
				44289ACF25BEFC9200EC8782 /* AppDelegate.swift in Sources */,
				44289AD125BEFC9200EC8782 /* SceneDelegate.swift in Sources */,
			);
			runOnlyForDeploymentPostprocessing = 0;
		};
		44289ADD25BEFC9600EC8782 /* Sources */ = {
			isa = PBXSourcesBuildPhase;
			buildActionMask = 2147483647;
			files = (
				44289AE625BEFC9600EC8782 /* RSSFeedAppTests.swift in Sources */,
			);
			runOnlyForDeploymentPostprocessing = 0;
		};
		44289AE825BEFC9600EC8782 /* Sources */ = {
			isa = PBXSourcesBuildPhase;
			buildActionMask = 2147483647;
			files = (
				44289AF125BEFC9600EC8782 /* RSSFeedAppUITests.swift in Sources */,
			);
			runOnlyForDeploymentPostprocessing = 0;
		};
/* End PBXSourcesBuildPhase section */

/* Begin PBXTargetDependency section */
		44289AE325BEFC9600EC8782 /* PBXTargetDependency */ = {
			isa = PBXTargetDependency;
			target = 44289ACA25BEFC9200EC8782 /* RSSFeedApp */;
			targetProxy = 44289AE225BEFC9600EC8782 /* PBXContainerItemProxy */;
		};
		44289AEE25BEFC9600EC8782 /* PBXTargetDependency */ = {
			isa = PBXTargetDependency;
			target = 44289ACA25BEFC9200EC8782 /* RSSFeedApp */;
			targetProxy = 44289AED25BEFC9600EC8782 /* PBXContainerItemProxy */;
		};
/* End PBXTargetDependency section */

/* Begin PBXVariantGroup section */
		44289AD425BEFC9200EC8782 /* Main.storyboard */ = {
			isa = PBXVariantGroup;
			children = (
				44289AD525BEFC9200EC8782 /* Base */,
			);
			name = Main.storyboard;
			sourceTree = "<group>";
		};
		44289AD925BEFC9500EC8782 /* LaunchScreen.storyboard */ = {
			isa = PBXVariantGroup;
			children = (
				44289ADA25BEFC9500EC8782 /* Base */,
			);
			name = LaunchScreen.storyboard;
			sourceTree = "<group>";
		};
/* End PBXVariantGroup section */

/* Begin XCBuildConfiguration section */
		44289AF325BEFC9600EC8782 /* Debug */ = {
			isa = XCBuildConfiguration;
			buildSettings = {
				ALWAYS_SEARCH_USER_PATHS = NO;
				CLANG_ANALYZER_NONNULL = YES;
				CLANG_ANALYZER_NUMBER_OBJECT_CONVERSION = YES_AGGRESSIVE;
				CLANG_CXX_LANGUAGE_STANDARD = "gnu++14";
				CLANG_CXX_LIBRARY = "libc++";
				CLANG_ENABLE_MODULES = YES;
				CLANG_ENABLE_OBJC_ARC = YES;
				CLANG_ENABLE_OBJC_WEAK = YES;
				CLANG_WARN_BLOCK_CAPTURE_AUTORELEASING = YES;
				CLANG_WARN_BOOL_CONVERSION = YES;
				CLANG_WARN_COMMA = YES;
				CLANG_WARN_CONSTANT_CONVERSION = YES;
				CLANG_WARN_DEPRECATED_OBJC_IMPLEMENTATIONS = YES;
				CLANG_WARN_DIRECT_OBJC_ISA_USAGE = YES_ERROR;
				CLANG_WARN_DOCUMENTATION_COMMENTS = YES;
				CLANG_WARN_EMPTY_BODY = YES;
				CLANG_WARN_ENUM_CONVERSION = YES;
				CLANG_WARN_INFINITE_RECURSION = YES;
				CLANG_WARN_INT_CONVERSION = YES;
				CLANG_WARN_NON_LITERAL_NULL_CONVERSION = YES;
				CLANG_WARN_OBJC_IMPLICIT_RETAIN_SELF = YES;
				CLANG_WARN_OBJC_LITERAL_CONVERSION = YES;
				CLANG_WARN_OBJC_ROOT_CLASS = YES_ERROR;
				CLANG_WARN_QUOTED_INCLUDE_IN_FRAMEWORK_HEADER = YES;
				CLANG_WARN_RANGE_LOOP_ANALYSIS = YES;
				CLANG_WARN_STRICT_PROTOTYPES = YES;
				CLANG_WARN_SUSPICIOUS_MOVE = YES;
				CLANG_WARN_UNGUARDED_AVAILABILITY = YES_AGGRESSIVE;
				CLANG_WARN_UNREACHABLE_CODE = YES;
				CLANG_WARN__DUPLICATE_METHOD_MATCH = YES;
				COPY_PHASE_STRIP = NO;
				DEBUG_INFORMATION_FORMAT = dwarf;
				ENABLE_STRICT_OBJC_MSGSEND = YES;
				ENABLE_TESTABILITY = YES;
				GCC_C_LANGUAGE_STANDARD = gnu11;
				GCC_DYNAMIC_NO_PIC = NO;
				GCC_NO_COMMON_BLOCKS = YES;
				GCC_OPTIMIZATION_LEVEL = 0;
				GCC_PREPROCESSOR_DEFINITIONS = (
					"DEBUG=1",
					"$(inherited)",
				);
				GCC_WARN_64_TO_32_BIT_CONVERSION = YES;
				GCC_WARN_ABOUT_RETURN_TYPE = YES_ERROR;
				GCC_WARN_UNDECLARED_SELECTOR = YES;
				GCC_WARN_UNINITIALIZED_AUTOS = YES_AGGRESSIVE;
				GCC_WARN_UNUSED_FUNCTION = YES;
				GCC_WARN_UNUSED_VARIABLE = YES;
				IPHONEOS_DEPLOYMENT_TARGET = 14.3;
				MTL_ENABLE_DEBUG_INFO = INCLUDE_SOURCE;
				MTL_FAST_MATH = YES;
				ONLY_ACTIVE_ARCH = YES;
				SDKROOT = iphoneos;
				SWIFT_ACTIVE_COMPILATION_CONDITIONS = DEBUG;
				SWIFT_OPTIMIZATION_LEVEL = "-Onone";
			};
			name = Debug;
		};
		44289AF425BEFC9600EC8782 /* Release */ = {
			isa = XCBuildConfiguration;
			buildSettings = {
				ALWAYS_SEARCH_USER_PATHS = NO;
				CLANG_ANALYZER_NONNULL = YES;
				CLANG_ANALYZER_NUMBER_OBJECT_CONVERSION = YES_AGGRESSIVE;
				CLANG_CXX_LANGUAGE_STANDARD = "gnu++14";
				CLANG_CXX_LIBRARY = "libc++";
				CLANG_ENABLE_MODULES = YES;
				CLANG_ENABLE_OBJC_ARC = YES;
				CLANG_ENABLE_OBJC_WEAK = YES;
				CLANG_WARN_BLOCK_CAPTURE_AUTORELEASING = YES;
				CLANG_WARN_BOOL_CONVERSION = YES;
				CLANG_WARN_COMMA = YES;
				CLANG_WARN_CONSTANT_CONVERSION = YES;
				CLANG_WARN_DEPRECATED_OBJC_IMPLEMENTATIONS = YES;
				CLANG_WARN_DIRECT_OBJC_ISA_USAGE = YES_ERROR;
				CLANG_WARN_DOCUMENTATION_COMMENTS = YES;
				CLANG_WARN_EMPTY_BODY = YES;
				CLANG_WARN_ENUM_CONVERSION = YES;
				CLANG_WARN_INFINITE_RECURSION = YES;
				CLANG_WARN_INT_CONVERSION = YES;
				CLANG_WARN_NON_LITERAL_NULL_CONVERSION = YES;
				CLANG_WARN_OBJC_IMPLICIT_RETAIN_SELF = YES;
				CLANG_WARN_OBJC_LITERAL_CONVERSION = YES;
				CLANG_WARN_OBJC_ROOT_CLASS = YES_ERROR;
				CLANG_WARN_QUOTED_INCLUDE_IN_FRAMEWORK_HEADER = YES;
				CLANG_WARN_RANGE_LOOP_ANALYSIS = YES;
				CLANG_WARN_STRICT_PROTOTYPES = YES;
				CLANG_WARN_SUSPICIOUS_MOVE = YES;
				CLANG_WARN_UNGUARDED_AVAILABILITY = YES_AGGRESSIVE;
				CLANG_WARN_UNREACHABLE_CODE = YES;
				CLANG_WARN__DUPLICATE_METHOD_MATCH = YES;
				COPY_PHASE_STRIP = NO;
				DEBUG_INFORMATION_FORMAT = "dwarf-with-dsym";
				ENABLE_NS_ASSERTIONS = NO;
				ENABLE_STRICT_OBJC_MSGSEND = YES;
				GCC_C_LANGUAGE_STANDARD = gnu11;
				GCC_NO_COMMON_BLOCKS = YES;
				GCC_WARN_64_TO_32_BIT_CONVERSION = YES;
				GCC_WARN_ABOUT_RETURN_TYPE = YES_ERROR;
				GCC_WARN_UNDECLARED_SELECTOR = YES;
				GCC_WARN_UNINITIALIZED_AUTOS = YES_AGGRESSIVE;
				GCC_WARN_UNUSED_FUNCTION = YES;
				GCC_WARN_UNUSED_VARIABLE = YES;
				IPHONEOS_DEPLOYMENT_TARGET = 14.3;
				MTL_ENABLE_DEBUG_INFO = NO;
				MTL_FAST_MATH = YES;
				SDKROOT = iphoneos;
				SWIFT_COMPILATION_MODE = wholemodule;
				SWIFT_OPTIMIZATION_LEVEL = "-O";
				VALIDATE_PRODUCT = YES;
			};
			name = Release;
		};
		44289AF625BEFC9600EC8782 /* Debug */ = {
			isa = XCBuildConfiguration;
			buildSettings = {
				ASSETCATALOG_COMPILER_APPICON_NAME = AppIcon;
				ASSETCATALOG_COMPILER_GLOBAL_ACCENT_COLOR_NAME = AccentColor;
				CODE_SIGN_STYLE = Automatic;
				DEVELOPMENT_TEAM = CA72R6B357;
				INFOPLIST_FILE = RSSFeedApp/Info.plist;
				LD_RUNPATH_SEARCH_PATHS = (
					"$(inherited)",
					"@executable_path/Frameworks",
				);
				PRODUCT_BUNDLE_IDENTIFIER = "com.Eugene-uskov.RSSFeedApp";
				PRODUCT_NAME = "$(TARGET_NAME)";
				SWIFT_VERSION = 5.0;
				TARGETED_DEVICE_FAMILY = "1,2";
			};
			name = Debug;
		};
		44289AF725BEFC9600EC8782 /* Release */ = {
			isa = XCBuildConfiguration;
			buildSettings = {
				ASSETCATALOG_COMPILER_APPICON_NAME = AppIcon;
				ASSETCATALOG_COMPILER_GLOBAL_ACCENT_COLOR_NAME = AccentColor;
				CODE_SIGN_STYLE = Automatic;
				DEVELOPMENT_TEAM = CA72R6B357;
				INFOPLIST_FILE = RSSFeedApp/Info.plist;
				LD_RUNPATH_SEARCH_PATHS = (
					"$(inherited)",
					"@executable_path/Frameworks",
				);
				PRODUCT_BUNDLE_IDENTIFIER = "com.Eugene-uskov.RSSFeedApp";
				PRODUCT_NAME = "$(TARGET_NAME)";
				SWIFT_VERSION = 5.0;
				TARGETED_DEVICE_FAMILY = "1,2";
			};
			name = Release;
		};
		44289AF925BEFC9600EC8782 /* Debug */ = {
			isa = XCBuildConfiguration;
			buildSettings = {
				ALWAYS_EMBED_SWIFT_STANDARD_LIBRARIES = YES;
				BUNDLE_LOADER = "$(TEST_HOST)";
				CODE_SIGN_STYLE = Automatic;
				DEVELOPMENT_TEAM = CA72R6B357;
				INFOPLIST_FILE = RSSFeedAppTests/Info.plist;
				IPHONEOS_DEPLOYMENT_TARGET = 14.3;
				LD_RUNPATH_SEARCH_PATHS = (
					"$(inherited)",
					"@executable_path/Frameworks",
					"@loader_path/Frameworks",
				);
				PRODUCT_BUNDLE_IDENTIFIER = "com.Eugene-uskov.RSSFeedAppTests";
				PRODUCT_NAME = "$(TARGET_NAME)";
				SWIFT_VERSION = 5.0;
				TARGETED_DEVICE_FAMILY = "1,2";
				TEST_HOST = "$(BUILT_PRODUCTS_DIR)/RSSFeedApp.app/RSSFeedApp";
			};
			name = Debug;
		};
		44289AFA25BEFC9600EC8782 /* Release */ = {
			isa = XCBuildConfiguration;
			buildSettings = {
				ALWAYS_EMBED_SWIFT_STANDARD_LIBRARIES = YES;
				BUNDLE_LOADER = "$(TEST_HOST)";
				CODE_SIGN_STYLE = Automatic;
				DEVELOPMENT_TEAM = CA72R6B357;
				INFOPLIST_FILE = RSSFeedAppTests/Info.plist;
				IPHONEOS_DEPLOYMENT_TARGET = 14.3;
				LD_RUNPATH_SEARCH_PATHS = (
					"$(inherited)",
					"@executable_path/Frameworks",
					"@loader_path/Frameworks",
				);
				PRODUCT_BUNDLE_IDENTIFIER = "com.Eugene-uskov.RSSFeedAppTests";
				PRODUCT_NAME = "$(TARGET_NAME)";
				SWIFT_VERSION = 5.0;
				TARGETED_DEVICE_FAMILY = "1,2";
				TEST_HOST = "$(BUILT_PRODUCTS_DIR)/RSSFeedApp.app/RSSFeedApp";
			};
			name = Release;
		};
		44289AFC25BEFC9600EC8782 /* Debug */ = {
			isa = XCBuildConfiguration;
			buildSettings = {
				ALWAYS_EMBED_SWIFT_STANDARD_LIBRARIES = YES;
				CODE_SIGN_STYLE = Automatic;
				DEVELOPMENT_TEAM = CA72R6B357;
				INFOPLIST_FILE = RSSFeedAppUITests/Info.plist;
				LD_RUNPATH_SEARCH_PATHS = (
					"$(inherited)",
					"@executable_path/Frameworks",
					"@loader_path/Frameworks",
				);
				PRODUCT_BUNDLE_IDENTIFIER = "com.Eugene-uskov.RSSFeedAppUITests";
				PRODUCT_NAME = "$(TARGET_NAME)";
				SWIFT_VERSION = 5.0;
				TARGETED_DEVICE_FAMILY = "1,2";
				TEST_TARGET_NAME = RSSFeedApp;
			};
			name = Debug;
		};
		44289AFD25BEFC9600EC8782 /* Release */ = {
			isa = XCBuildConfiguration;
			buildSettings = {
				ALWAYS_EMBED_SWIFT_STANDARD_LIBRARIES = YES;
				CODE_SIGN_STYLE = Automatic;
				DEVELOPMENT_TEAM = CA72R6B357;
				INFOPLIST_FILE = RSSFeedAppUITests/Info.plist;
				LD_RUNPATH_SEARCH_PATHS = (
					"$(inherited)",
					"@executable_path/Frameworks",
					"@loader_path/Frameworks",
				);
				PRODUCT_BUNDLE_IDENTIFIER = "com.Eugene-uskov.RSSFeedAppUITests";
				PRODUCT_NAME = "$(TARGET_NAME)";
				SWIFT_VERSION = 5.0;
				TARGETED_DEVICE_FAMILY = "1,2";
				TEST_TARGET_NAME = RSSFeedApp;
			};
			name = Release;
		};
/* End XCBuildConfiguration section */

/* Begin XCConfigurationList section */
		44289AC625BEFC9200EC8782 /* Build configuration list for PBXProject "RSSFeedApp" */ = {
			isa = XCConfigurationList;
			buildConfigurations = (
				44289AF325BEFC9600EC8782 /* Debug */,
				44289AF425BEFC9600EC8782 /* Release */,
			);
			defaultConfigurationIsVisible = 0;
			defaultConfigurationName = Release;
		};
		44289AF525BEFC9600EC8782 /* Build configuration list for PBXNativeTarget "RSSFeedApp" */ = {
			isa = XCConfigurationList;
			buildConfigurations = (
				44289AF625BEFC9600EC8782 /* Debug */,
				44289AF725BEFC9600EC8782 /* Release */,
			);
			defaultConfigurationIsVisible = 0;
			defaultConfigurationName = Release;
		};
		44289AF825BEFC9600EC8782 /* Build configuration list for PBXNativeTarget "RSSFeedAppTests" */ = {
			isa = XCConfigurationList;
			buildConfigurations = (
				44289AF925BEFC9600EC8782 /* Debug */,
				44289AFA25BEFC9600EC8782 /* Release */,
			);
			defaultConfigurationIsVisible = 0;
			defaultConfigurationName = Release;
		};
		44289AFB25BEFC9600EC8782 /* Build configuration list for PBXNativeTarget "RSSFeedAppUITests" */ = {
			isa = XCConfigurationList;
			buildConfigurations = (
				44289AFC25BEFC9600EC8782 /* Debug */,
				44289AFD25BEFC9600EC8782 /* Release */,
			);
			defaultConfigurationIsVisible = 0;
			defaultConfigurationName = Release;
		};
/* End XCConfigurationList section */
	};
	rootObject = 44289AC325BEFC9200EC8782 /* Project object */;
}
